
Microsoft Visual Studio Solution File, Format Version 12.00
# Visual Studio 15
VisualStudioVersion = 15.0.26430.13
MinimumVisualStudioVersion = 10.0.40219.1
Project("{9A19103F-16F7-4668-BE54-9A1E7A4F7556}") = "OpenZH.Data", "OpenZH.Data\OpenZH.Data.csproj", "{4D7452C4-40BF-47EF-AE2C-0CD53C1F4122}"
EndProject
Project("{FAE04EC0-301F-11D3-BF4B-00C04F79EFBC}") = "OpenZH.Data.Tests", "OpenZH.Data.Tests\OpenZH.Data.Tests.csproj", "{F6C92404-06AE-4762-A4AD-190EB2E0C45E}"
EndProject
Global
	GlobalSection(SolutionConfigurationPlatforms) = preSolution
		Debug|Any CPU = Debug|Any CPU
		Release|Any CPU = Release|Any CPU
	EndGlobalSection
	GlobalSection(ProjectConfigurationPlatforms) = postSolution
		{4D7452C4-40BF-47EF-AE2C-0CD53C1F4122}.Debug|Any CPU.ActiveCfg = Debug|Any CPU
		{4D7452C4-40BF-47EF-AE2C-0CD53C1F4122}.Debug|Any CPU.Build.0 = Debug|Any CPU
		{4D7452C4-40BF-47EF-AE2C-0CD53C1F4122}.Release|Any CPU.ActiveCfg = Release|Any CPU
		{4D7452C4-40BF-47EF-AE2C-0CD53C1F4122}.Release|Any CPU.Build.0 = Release|Any CPU
		{F6C92404-06AE-4762-A4AD-190EB2E0C45E}.Debug|Any CPU.ActiveCfg = Debug|Any CPU
		{F6C92404-06AE-4762-A4AD-190EB2E0C45E}.Debug|Any CPU.Build.0 = Debug|Any CPU
		{F6C92404-06AE-4762-A4AD-190EB2E0C45E}.Release|Any CPU.ActiveCfg = Release|Any CPU
		{F6C92404-06AE-4762-A4AD-190EB2E0C45E}.Release|Any CPU.Build.0 = Release|Any CPU
	EndGlobalSection
	GlobalSection(SolutionProperties) = preSolution
		HideSolutionNode = FALSE
	EndGlobalSection
EndGlobal
