
Microsoft Visual Studio Solution File, Format Version 12.00
# Visual Studio 15
VisualStudioVersion = 15.0.27130.0
MinimumVisualStudioVersion = 10.0.40219.1
Project("{2150E333-8FDC-42A3-9474-1A3956D46DE8}") = "DataViewer", "DataViewer", "{AE478DD6-82D8-4E1B-B5FB-931427823167}"
EndProject
Project("{9A19103F-16F7-4668-BE54-9A1E7A4F7556}") = "LL.Graphics3D", "LL.Graphics3D\LL.Graphics3D.csproj", "{B63917C9-71C6-4B52-80DE-A29C21C6499B}"
EndProject
Project("{9A19103F-16F7-4668-BE54-9A1E7A4F7556}") = "OpenSage.Game", "OpenSage.Game\OpenSage.Game.csproj", "{65414137-B69D-42ED-9950-0428974D54CE}"
EndProject
Project("{9A19103F-16F7-4668-BE54-9A1E7A4F7556}") = "OpenSage.Game.Tests", "OpenSage.Game.Tests\OpenSage.Game.Tests.csproj", "{3516CD25-8B80-4956-9726-640CC915E4AC}"
EndProject
Project("{9A19103F-16F7-4668-BE54-9A1E7A4F7556}") = "OpenSage.DataViewer", "OpenSage.DataViewer\OpenSage.DataViewer.csproj", "{46EDA15B-7300-4FD6-A4FD-66810C3B5B75}"
EndProject
Project("{FAE04EC0-301F-11D3-BF4B-00C04F79EFBC}") = "OpenSage.DataViewer.Windows", "OpenSage.DataViewer.Windows\OpenSage.DataViewer.Windows.csproj", "{10FC11DE-E942-45D5-B1EC-AFA8F9BB0B69}"
EndProject
Global
	GlobalSection(SolutionConfigurationPlatforms) = preSolution
		Ad-Hoc|Any CPU = Ad-Hoc|Any CPU
		Ad-Hoc|iPhone = Ad-Hoc|iPhone
		Ad-Hoc|iPhoneSimulator = Ad-Hoc|iPhoneSimulator
		AppStore|Any CPU = AppStore|Any CPU
		AppStore|iPhone = AppStore|iPhone
		AppStore|iPhoneSimulator = AppStore|iPhoneSimulator
		Debug|Any CPU = Debug|Any CPU
		Debug|iPhone = Debug|iPhone
		Debug|iPhoneSimulator = Debug|iPhoneSimulator
		Release|Any CPU = Release|Any CPU
		Release|iPhone = Release|iPhone
		Release|iPhoneSimulator = Release|iPhoneSimulator
	EndGlobalSection
	GlobalSection(ProjectConfigurationPlatforms) = postSolution
		{B63917C9-71C6-4B52-80DE-A29C21C6499B}.Ad-Hoc|Any CPU.ActiveCfg = Debug|Any CPU
		{B63917C9-71C6-4B52-80DE-A29C21C6499B}.Ad-Hoc|Any CPU.Build.0 = Debug|Any CPU
		{B63917C9-71C6-4B52-80DE-A29C21C6499B}.Ad-Hoc|iPhone.ActiveCfg = Debug|Any CPU
		{B63917C9-71C6-4B52-80DE-A29C21C6499B}.Ad-Hoc|iPhone.Build.0 = Debug|Any CPU
		{B63917C9-71C6-4B52-80DE-A29C21C6499B}.Ad-Hoc|iPhoneSimulator.ActiveCfg = Debug|Any CPU
		{B63917C9-71C6-4B52-80DE-A29C21C6499B}.Ad-Hoc|iPhoneSimulator.Build.0 = Debug|Any CPU
		{B63917C9-71C6-4B52-80DE-A29C21C6499B}.AppStore|Any CPU.ActiveCfg = Debug|Any CPU
		{B63917C9-71C6-4B52-80DE-A29C21C6499B}.AppStore|Any CPU.Build.0 = Debug|Any CPU
		{B63917C9-71C6-4B52-80DE-A29C21C6499B}.AppStore|iPhone.ActiveCfg = Debug|Any CPU
		{B63917C9-71C6-4B52-80DE-A29C21C6499B}.AppStore|iPhone.Build.0 = Debug|Any CPU
		{B63917C9-71C6-4B52-80DE-A29C21C6499B}.AppStore|iPhoneSimulator.ActiveCfg = Debug|Any CPU
		{B63917C9-71C6-4B52-80DE-A29C21C6499B}.AppStore|iPhoneSimulator.Build.0 = Debug|Any CPU
		{B63917C9-71C6-4B52-80DE-A29C21C6499B}.Debug|Any CPU.ActiveCfg = Debug|Any CPU
		{B63917C9-71C6-4B52-80DE-A29C21C6499B}.Debug|Any CPU.Build.0 = Debug|Any CPU
		{B63917C9-71C6-4B52-80DE-A29C21C6499B}.Debug|iPhone.ActiveCfg = Debug|Any CPU
		{B63917C9-71C6-4B52-80DE-A29C21C6499B}.Debug|iPhone.Build.0 = Debug|Any CPU
		{B63917C9-71C6-4B52-80DE-A29C21C6499B}.Debug|iPhoneSimulator.ActiveCfg = Debug|Any CPU
		{B63917C9-71C6-4B52-80DE-A29C21C6499B}.Debug|iPhoneSimulator.Build.0 = Debug|Any CPU
		{B63917C9-71C6-4B52-80DE-A29C21C6499B}.Release|Any CPU.ActiveCfg = Release|Any CPU
		{B63917C9-71C6-4B52-80DE-A29C21C6499B}.Release|Any CPU.Build.0 = Release|Any CPU
		{B63917C9-71C6-4B52-80DE-A29C21C6499B}.Release|iPhone.ActiveCfg = Release|Any CPU
		{B63917C9-71C6-4B52-80DE-A29C21C6499B}.Release|iPhone.Build.0 = Release|Any CPU
		{B63917C9-71C6-4B52-80DE-A29C21C6499B}.Release|iPhoneSimulator.ActiveCfg = Release|Any CPU
		{B63917C9-71C6-4B52-80DE-A29C21C6499B}.Release|iPhoneSimulator.Build.0 = Release|Any CPU
		{65414137-B69D-42ED-9950-0428974D54CE}.Ad-Hoc|Any CPU.ActiveCfg = Debug|Any CPU
		{65414137-B69D-42ED-9950-0428974D54CE}.Ad-Hoc|Any CPU.Build.0 = Debug|Any CPU
		{65414137-B69D-42ED-9950-0428974D54CE}.Ad-Hoc|iPhone.ActiveCfg = Debug|Any CPU
		{65414137-B69D-42ED-9950-0428974D54CE}.Ad-Hoc|iPhone.Build.0 = Debug|Any CPU
		{65414137-B69D-42ED-9950-0428974D54CE}.Ad-Hoc|iPhoneSimulator.ActiveCfg = Debug|Any CPU
		{65414137-B69D-42ED-9950-0428974D54CE}.Ad-Hoc|iPhoneSimulator.Build.0 = Debug|Any CPU
		{65414137-B69D-42ED-9950-0428974D54CE}.AppStore|Any CPU.ActiveCfg = Debug|Any CPU
		{65414137-B69D-42ED-9950-0428974D54CE}.AppStore|Any CPU.Build.0 = Debug|Any CPU
		{65414137-B69D-42ED-9950-0428974D54CE}.AppStore|iPhone.ActiveCfg = Debug|Any CPU
		{65414137-B69D-42ED-9950-0428974D54CE}.AppStore|iPhone.Build.0 = Debug|Any CPU
		{65414137-B69D-42ED-9950-0428974D54CE}.AppStore|iPhoneSimulator.ActiveCfg = Debug|Any CPU
		{65414137-B69D-42ED-9950-0428974D54CE}.AppStore|iPhoneSimulator.Build.0 = Debug|Any CPU
		{65414137-B69D-42ED-9950-0428974D54CE}.Debug|Any CPU.ActiveCfg = Debug|Any CPU
		{65414137-B69D-42ED-9950-0428974D54CE}.Debug|Any CPU.Build.0 = Debug|Any CPU
		{65414137-B69D-42ED-9950-0428974D54CE}.Debug|iPhone.ActiveCfg = Debug|Any CPU
		{65414137-B69D-42ED-9950-0428974D54CE}.Debug|iPhone.Build.0 = Debug|Any CPU
		{65414137-B69D-42ED-9950-0428974D54CE}.Debug|iPhoneSimulator.ActiveCfg = Debug|Any CPU
		{65414137-B69D-42ED-9950-0428974D54CE}.Debug|iPhoneSimulator.Build.0 = Debug|Any CPU
		{65414137-B69D-42ED-9950-0428974D54CE}.Release|Any CPU.ActiveCfg = Release|Any CPU
		{65414137-B69D-42ED-9950-0428974D54CE}.Release|Any CPU.Build.0 = Release|Any CPU
		{65414137-B69D-42ED-9950-0428974D54CE}.Release|iPhone.ActiveCfg = Release|Any CPU
		{65414137-B69D-42ED-9950-0428974D54CE}.Release|iPhone.Build.0 = Release|Any CPU
		{65414137-B69D-42ED-9950-0428974D54CE}.Release|iPhoneSimulator.ActiveCfg = Release|Any CPU
		{65414137-B69D-42ED-9950-0428974D54CE}.Release|iPhoneSimulator.Build.0 = Release|Any CPU
		{3516CD25-8B80-4956-9726-640CC915E4AC}.Ad-Hoc|Any CPU.ActiveCfg = Debug|Any CPU
		{3516CD25-8B80-4956-9726-640CC915E4AC}.Ad-Hoc|Any CPU.Build.0 = Debug|Any CPU
		{3516CD25-8B80-4956-9726-640CC915E4AC}.Ad-Hoc|iPhone.ActiveCfg = Debug|Any CPU
		{3516CD25-8B80-4956-9726-640CC915E4AC}.Ad-Hoc|iPhone.Build.0 = Debug|Any CPU
		{3516CD25-8B80-4956-9726-640CC915E4AC}.Ad-Hoc|iPhoneSimulator.ActiveCfg = Debug|Any CPU
		{3516CD25-8B80-4956-9726-640CC915E4AC}.Ad-Hoc|iPhoneSimulator.Build.0 = Debug|Any CPU
		{3516CD25-8B80-4956-9726-640CC915E4AC}.AppStore|Any CPU.ActiveCfg = Debug|Any CPU
		{3516CD25-8B80-4956-9726-640CC915E4AC}.AppStore|Any CPU.Build.0 = Debug|Any CPU
		{3516CD25-8B80-4956-9726-640CC915E4AC}.AppStore|iPhone.ActiveCfg = Debug|Any CPU
		{3516CD25-8B80-4956-9726-640CC915E4AC}.AppStore|iPhone.Build.0 = Debug|Any CPU
		{3516CD25-8B80-4956-9726-640CC915E4AC}.AppStore|iPhoneSimulator.ActiveCfg = Debug|Any CPU
		{3516CD25-8B80-4956-9726-640CC915E4AC}.AppStore|iPhoneSimulator.Build.0 = Debug|Any CPU
		{3516CD25-8B80-4956-9726-640CC915E4AC}.Debug|Any CPU.ActiveCfg = Debug|Any CPU
		{3516CD25-8B80-4956-9726-640CC915E4AC}.Debug|Any CPU.Build.0 = Debug|Any CPU
		{3516CD25-8B80-4956-9726-640CC915E4AC}.Debug|iPhone.ActiveCfg = Debug|Any CPU
		{3516CD25-8B80-4956-9726-640CC915E4AC}.Debug|iPhone.Build.0 = Debug|Any CPU
		{3516CD25-8B80-4956-9726-640CC915E4AC}.Debug|iPhoneSimulator.ActiveCfg = Debug|Any CPU
		{3516CD25-8B80-4956-9726-640CC915E4AC}.Debug|iPhoneSimulator.Build.0 = Debug|Any CPU
		{3516CD25-8B80-4956-9726-640CC915E4AC}.Release|Any CPU.ActiveCfg = Release|Any CPU
		{3516CD25-8B80-4956-9726-640CC915E4AC}.Release|Any CPU.Build.0 = Release|Any CPU
		{3516CD25-8B80-4956-9726-640CC915E4AC}.Release|iPhone.ActiveCfg = Release|Any CPU
		{3516CD25-8B80-4956-9726-640CC915E4AC}.Release|iPhone.Build.0 = Release|Any CPU
		{3516CD25-8B80-4956-9726-640CC915E4AC}.Release|iPhoneSimulator.ActiveCfg = Release|Any CPU
		{3516CD25-8B80-4956-9726-640CC915E4AC}.Release|iPhoneSimulator.Build.0 = Release|Any CPU
		{46EDA15B-7300-4FD6-A4FD-66810C3B5B75}.Ad-Hoc|Any CPU.ActiveCfg = Debug|Any CPU
		{46EDA15B-7300-4FD6-A4FD-66810C3B5B75}.Ad-Hoc|Any CPU.Build.0 = Debug|Any CPU
		{46EDA15B-7300-4FD6-A4FD-66810C3B5B75}.Ad-Hoc|iPhone.ActiveCfg = Debug|Any CPU
		{46EDA15B-7300-4FD6-A4FD-66810C3B5B75}.Ad-Hoc|iPhone.Build.0 = Debug|Any CPU
		{46EDA15B-7300-4FD6-A4FD-66810C3B5B75}.Ad-Hoc|iPhoneSimulator.ActiveCfg = Debug|Any CPU
		{46EDA15B-7300-4FD6-A4FD-66810C3B5B75}.Ad-Hoc|iPhoneSimulator.Build.0 = Debug|Any CPU
		{46EDA15B-7300-4FD6-A4FD-66810C3B5B75}.AppStore|Any CPU.ActiveCfg = Debug|Any CPU
		{46EDA15B-7300-4FD6-A4FD-66810C3B5B75}.AppStore|Any CPU.Build.0 = Debug|Any CPU
		{46EDA15B-7300-4FD6-A4FD-66810C3B5B75}.AppStore|iPhone.ActiveCfg = Debug|Any CPU
		{46EDA15B-7300-4FD6-A4FD-66810C3B5B75}.AppStore|iPhone.Build.0 = Debug|Any CPU
		{46EDA15B-7300-4FD6-A4FD-66810C3B5B75}.AppStore|iPhoneSimulator.ActiveCfg = Debug|Any CPU
		{46EDA15B-7300-4FD6-A4FD-66810C3B5B75}.AppStore|iPhoneSimulator.Build.0 = Debug|Any CPU
		{46EDA15B-7300-4FD6-A4FD-66810C3B5B75}.Debug|Any CPU.ActiveCfg = Debug|Any CPU
		{46EDA15B-7300-4FD6-A4FD-66810C3B5B75}.Debug|Any CPU.Build.0 = Debug|Any CPU
		{46EDA15B-7300-4FD6-A4FD-66810C3B5B75}.Debug|iPhone.ActiveCfg = Debug|Any CPU
		{46EDA15B-7300-4FD6-A4FD-66810C3B5B75}.Debug|iPhone.Build.0 = Debug|Any CPU
		{46EDA15B-7300-4FD6-A4FD-66810C3B5B75}.Debug|iPhoneSimulator.ActiveCfg = Debug|Any CPU
		{46EDA15B-7300-4FD6-A4FD-66810C3B5B75}.Debug|iPhoneSimulator.Build.0 = Debug|Any CPU
		{46EDA15B-7300-4FD6-A4FD-66810C3B5B75}.Release|Any CPU.ActiveCfg = Release|Any CPU
		{46EDA15B-7300-4FD6-A4FD-66810C3B5B75}.Release|Any CPU.Build.0 = Release|Any CPU
		{46EDA15B-7300-4FD6-A4FD-66810C3B5B75}.Release|iPhone.ActiveCfg = Release|Any CPU
		{46EDA15B-7300-4FD6-A4FD-66810C3B5B75}.Release|iPhone.Build.0 = Release|Any CPU
		{46EDA15B-7300-4FD6-A4FD-66810C3B5B75}.Release|iPhoneSimulator.ActiveCfg = Release|Any CPU
		{46EDA15B-7300-4FD6-A4FD-66810C3B5B75}.Release|iPhoneSimulator.Build.0 = Release|Any CPU
		{10FC11DE-E942-45D5-B1EC-AFA8F9BB0B69}.Ad-Hoc|Any CPU.ActiveCfg = Release|Any CPU
		{10FC11DE-E942-45D5-B1EC-AFA8F9BB0B69}.Ad-Hoc|Any CPU.Build.0 = Release|Any CPU
		{10FC11DE-E942-45D5-B1EC-AFA8F9BB0B69}.Ad-Hoc|iPhone.ActiveCfg = Release|Any CPU
		{10FC11DE-E942-45D5-B1EC-AFA8F9BB0B69}.Ad-Hoc|iPhone.Build.0 = Release|Any CPU
		{10FC11DE-E942-45D5-B1EC-AFA8F9BB0B69}.Ad-Hoc|iPhoneSimulator.ActiveCfg = Release|Any CPU
		{10FC11DE-E942-45D5-B1EC-AFA8F9BB0B69}.Ad-Hoc|iPhoneSimulator.Build.0 = Release|Any CPU
		{10FC11DE-E942-45D5-B1EC-AFA8F9BB0B69}.AppStore|Any CPU.ActiveCfg = Release|Any CPU
		{10FC11DE-E942-45D5-B1EC-AFA8F9BB0B69}.AppStore|Any CPU.Build.0 = Release|Any CPU
		{10FC11DE-E942-45D5-B1EC-AFA8F9BB0B69}.AppStore|iPhone.ActiveCfg = Release|Any CPU
		{10FC11DE-E942-45D5-B1EC-AFA8F9BB0B69}.AppStore|iPhone.Build.0 = Release|Any CPU
		{10FC11DE-E942-45D5-B1EC-AFA8F9BB0B69}.AppStore|iPhoneSimulator.ActiveCfg = Release|Any CPU
		{10FC11DE-E942-45D5-B1EC-AFA8F9BB0B69}.AppStore|iPhoneSimulator.Build.0 = Release|Any CPU
		{10FC11DE-E942-45D5-B1EC-AFA8F9BB0B69}.Debug|Any CPU.ActiveCfg = Debug|Any CPU
		{10FC11DE-E942-45D5-B1EC-AFA8F9BB0B69}.Debug|Any CPU.Build.0 = Debug|Any CPU
		{10FC11DE-E942-45D5-B1EC-AFA8F9BB0B69}.Debug|iPhone.ActiveCfg = Debug|Any CPU
		{10FC11DE-E942-45D5-B1EC-AFA8F9BB0B69}.Debug|iPhone.Build.0 = Debug|Any CPU
		{10FC11DE-E942-45D5-B1EC-AFA8F9BB0B69}.Debug|iPhoneSimulator.ActiveCfg = Debug|Any CPU
		{10FC11DE-E942-45D5-B1EC-AFA8F9BB0B69}.Debug|iPhoneSimulator.Build.0 = Debug|Any CPU
		{10FC11DE-E942-45D5-B1EC-AFA8F9BB0B69}.Release|Any CPU.ActiveCfg = Release|Any CPU
		{10FC11DE-E942-45D5-B1EC-AFA8F9BB0B69}.Release|Any CPU.Build.0 = Release|Any CPU
		{10FC11DE-E942-45D5-B1EC-AFA8F9BB0B69}.Release|iPhone.ActiveCfg = Release|Any CPU
		{10FC11DE-E942-45D5-B1EC-AFA8F9BB0B69}.Release|iPhone.Build.0 = Release|Any CPU
		{10FC11DE-E942-45D5-B1EC-AFA8F9BB0B69}.Release|iPhoneSimulator.ActiveCfg = Release|Any CPU
		{10FC11DE-E942-45D5-B1EC-AFA8F9BB0B69}.Release|iPhoneSimulator.Build.0 = Release|Any CPU
	EndGlobalSection
	GlobalSection(SolutionProperties) = preSolution
		HideSolutionNode = FALSE
	EndGlobalSection
	GlobalSection(NestedProjects) = preSolution
		{46EDA15B-7300-4FD6-A4FD-66810C3B5B75} = {AE478DD6-82D8-4E1B-B5FB-931427823167}
		{10FC11DE-E942-45D5-B1EC-AFA8F9BB0B69} = {AE478DD6-82D8-4E1B-B5FB-931427823167}
	EndGlobalSection
	GlobalSection(ExtensibilityGlobals) = postSolution
		SolutionGuid = {DBD83F1E-3F41-45D9-AACC-62E00826AD5C}
	EndGlobalSection
EndGlobal
