
Microsoft Visual Studio Solution File, Format Version 12.00
# Visual Studio 15
VisualStudioVersion = 15.0.26430.16
MinimumVisualStudioVersion = 10.0.40219.1
Project("{9A19103F-16F7-4668-BE54-9A1E7A4F7556}") = "OpenZH.Data", "OpenZH.Data\OpenZH.Data.csproj", "{4D7452C4-40BF-47EF-AE2C-0CD53C1F4122}"
EndProject
Project("{9A19103F-16F7-4668-BE54-9A1E7A4F7556}") = "OpenZH.Data.Tests", "OpenZH.Data.Tests\OpenZH.Data.Tests.csproj", "{F6C92404-06AE-4762-A4AD-190EB2E0C45E}"
EndProject
Project("{2150E333-8FDC-42A3-9474-1A3956D46DE8}") = "DataViewer", "DataViewer", "{AE478DD6-82D8-4E1B-B5FB-931427823167}"
EndProject
Project("{2150E333-8FDC-42A3-9474-1A3956D46DE8}") = "Graphics", "Graphics", "{453266E1-6D74-4329-A296-52D7EDDCE401}"
EndProject
Project("{D954291E-2A0B-460D-934E-DC6B0785DB48}") = "OpenZH.Game", "OpenZH.Game\OpenZH.Game.shproj", "{FA8F0ADD-1032-4C28-BD9C-06AD8D8B4904}"
EndProject
Project("{FAE04EC0-301F-11D3-BF4B-00C04F79EFBC}") = "OpenZH.Game.WindowsD3D12", "OpenZH.Game.WindowsD3D12\OpenZH.Game.WindowsD3D12.csproj", "{CD062527-D527-4BA0-8B6B-8CCA7A02E5B8}"
EndProject
Project("{FAE04EC0-301F-11D3-BF4B-00C04F79EFBC}") = "OpenZH.Game.iOS", "OpenZH.Game.iOS\OpenZH.Game.iOS.csproj", "{2353F7D3-C9F4-4247-91B9-67297ACDD1C1}"
EndProject
Project("{D954291E-2A0B-460D-934E-DC6B0785DB48}") = "OpenZH.Graphics.LowLevel", "OpenZH.Graphics.LowLevel\OpenZH.Graphics.LowLevel.shproj", "{16545FAD-3869-49F5-A371-A0B084B110A4}"
EndProject
Project("{D954291E-2A0B-460D-934E-DC6B0785DB48}") = "OpenZH.Graphics.LowLevel.Metal", "OpenZH.Graphics.LowLevel.Metal\OpenZH.Graphics.LowLevel.Metal.shproj", "{FA527C39-158A-459D-A683-29C6D49D582B}"
EndProject
Project("{D954291E-2A0B-460D-934E-DC6B0785DB48}") = "OpenZH.Graphics.LowLevel.Direct3D12", "OpenZH.Graphics.LowLevel.Direct3D12\OpenZH.Graphics.LowLevel.Direct3D12.shproj", "{74B6F931-CD64-48DA-9E2F-9A82245EDBCD}"
EndProject
Project("{D954291E-2A0B-460D-934E-DC6B0785DB48}") = "OpenZH.Graphics.LowLevel.Direct3D", "OpenZH.Graphics.LowLevel.Direct3D\OpenZH.Graphics.LowLevel.Direct3D.shproj", "{F0B99559-9CF8-459B-85FD-DC0233BDD659}"
EndProject
Project("{D954291E-2A0B-460D-934E-DC6B0785DB48}") = "OpenZH.Graphics", "OpenZH.Graphics\OpenZH.Graphics.shproj", "{A17BC6D5-DB57-464F-9669-B84FD314BE93}"
EndProject
Project("{D954291E-2A0B-460D-934E-DC6B0785DB48}") = "OpenZH.DataViewer", "OpenZH.DataViewer\OpenZH.DataViewer.shproj", "{1CD7F3DC-23F4-435B-BB18-3897E4E96215}"
EndProject
Project("{FAE04EC0-301F-11D3-BF4B-00C04F79EFBC}") = "OpenZH.DataViewer.WindowsD3D12", "OpenZH.DataViewer.WindowsD3D12\OpenZH.DataViewer.WindowsD3D12.csproj", "{10FC11DE-E942-45D5-B1EC-AFA8F9BB0B69}"
EndProject
Global
	GlobalSection(SharedMSBuildProjectFiles) = preSolution
		OpenZH.DataViewer\OpenZH.DataViewer.projitems*{10fc11de-e942-45d5-b1ec-afa8f9bb0b69}*SharedItemsImports = 4
		OpenZH.Graphics.LowLevel.Direct3D12\OpenZH.Graphics.LowLevel.Direct3D12.projitems*{10fc11de-e942-45d5-b1ec-afa8f9bb0b69}*SharedItemsImports = 4
		OpenZH.Graphics.LowLevel.Direct3D\OpenZH.Graphics.LowLevel.Direct3D.projitems*{10fc11de-e942-45d5-b1ec-afa8f9bb0b69}*SharedItemsImports = 4
		OpenZH.Graphics.LowLevel\OpenZH.Graphics.LowLevel.projitems*{10fc11de-e942-45d5-b1ec-afa8f9bb0b69}*SharedItemsImports = 4
		OpenZH.Graphics\OpenZH.Graphics.projitems*{10fc11de-e942-45d5-b1ec-afa8f9bb0b69}*SharedItemsImports = 4
		OpenZH.Graphics.LowLevel\OpenZH.Graphics.LowLevel.projitems*{16545fad-3869-49f5-a371-a0b084b110a4}*SharedItemsImports = 13
		OpenZH.DataViewer\OpenZH.DataViewer.projitems*{1cd7f3dc-23f4-435b-bb18-3897e4e96215}*SharedItemsImports = 13
		OpenZH.Graphics.LowLevel.Metal\OpenZH.Graphics.LowLevel.Metal.projitems*{2353f7d3-c9f4-4247-91b9-67297acdd1c1}*SharedItemsImports = 4
		OpenZH.Graphics.LowLevel\OpenZH.Graphics.LowLevel.projitems*{2353f7d3-c9f4-4247-91b9-67297acdd1c1}*SharedItemsImports = 4
		OpenZH.Graphics.LowLevel.Direct3D12\OpenZH.Graphics.LowLevel.Direct3D12.projitems*{74b6f931-cd64-48da-9e2f-9a82245edbcd}*SharedItemsImports = 13
		OpenZH.Graphics\OpenZH.Graphics.projitems*{a17bc6d5-db57-464f-9669-b84fd314be93}*SharedItemsImports = 13
		OpenZH.Graphics.LowLevel.Direct3D\OpenZH.Graphics.LowLevel.Direct3D.projitems*{f0b99559-9cf8-459b-85fd-dc0233bdd659}*SharedItemsImports = 13
		OpenZH.Graphics.LowLevel.Metal\OpenZH.Graphics.LowLevel.Metal.projitems*{fa527c39-158a-459d-a683-29c6d49d582b}*SharedItemsImports = 13
		OpenZH.Game\OpenZH.Game.projitems*{fa8f0add-1032-4c28-bd9c-06ad8d8b4904}*SharedItemsImports = 13
	EndGlobalSection
	GlobalSection(SolutionConfigurationPlatforms) = preSolution
		Ad-Hoc|Any CPU = Ad-Hoc|Any CPU
		Ad-Hoc|ARM = Ad-Hoc|ARM
		Ad-Hoc|iPhone = Ad-Hoc|iPhone
		Ad-Hoc|iPhoneSimulator = Ad-Hoc|iPhoneSimulator
		Ad-Hoc|x64 = Ad-Hoc|x64
		Ad-Hoc|x86 = Ad-Hoc|x86
		AppStore|Any CPU = AppStore|Any CPU
		AppStore|ARM = AppStore|ARM
		AppStore|iPhone = AppStore|iPhone
		AppStore|iPhoneSimulator = AppStore|iPhoneSimulator
		AppStore|x64 = AppStore|x64
		AppStore|x86 = AppStore|x86
		Debug|Any CPU = Debug|Any CPU
		Debug|ARM = Debug|ARM
		Debug|iPhone = Debug|iPhone
		Debug|iPhoneSimulator = Debug|iPhoneSimulator
		Debug|x64 = Debug|x64
		Debug|x86 = Debug|x86
		Release|Any CPU = Release|Any CPU
		Release|ARM = Release|ARM
		Release|iPhone = Release|iPhone
		Release|iPhoneSimulator = Release|iPhoneSimulator
		Release|x64 = Release|x64
		Release|x86 = Release|x86
	EndGlobalSection
	GlobalSection(ProjectConfigurationPlatforms) = postSolution
		{4D7452C4-40BF-47EF-AE2C-0CD53C1F4122}.Ad-Hoc|Any CPU.ActiveCfg = Release|Any CPU
		{4D7452C4-40BF-47EF-AE2C-0CD53C1F4122}.Ad-Hoc|Any CPU.Build.0 = Release|Any CPU
		{4D7452C4-40BF-47EF-AE2C-0CD53C1F4122}.Ad-Hoc|ARM.ActiveCfg = Release|Any CPU
		{4D7452C4-40BF-47EF-AE2C-0CD53C1F4122}.Ad-Hoc|ARM.Build.0 = Release|Any CPU
		{4D7452C4-40BF-47EF-AE2C-0CD53C1F4122}.Ad-Hoc|iPhone.ActiveCfg = Release|Any CPU
		{4D7452C4-40BF-47EF-AE2C-0CD53C1F4122}.Ad-Hoc|iPhone.Build.0 = Release|Any CPU
		{4D7452C4-40BF-47EF-AE2C-0CD53C1F4122}.Ad-Hoc|iPhoneSimulator.ActiveCfg = Release|Any CPU
		{4D7452C4-40BF-47EF-AE2C-0CD53C1F4122}.Ad-Hoc|iPhoneSimulator.Build.0 = Release|Any CPU
		{4D7452C4-40BF-47EF-AE2C-0CD53C1F4122}.Ad-Hoc|x64.ActiveCfg = Release|Any CPU
		{4D7452C4-40BF-47EF-AE2C-0CD53C1F4122}.Ad-Hoc|x64.Build.0 = Release|Any CPU
		{4D7452C4-40BF-47EF-AE2C-0CD53C1F4122}.Ad-Hoc|x86.ActiveCfg = Release|Any CPU
		{4D7452C4-40BF-47EF-AE2C-0CD53C1F4122}.Ad-Hoc|x86.Build.0 = Release|Any CPU
		{4D7452C4-40BF-47EF-AE2C-0CD53C1F4122}.AppStore|Any CPU.ActiveCfg = Release|Any CPU
		{4D7452C4-40BF-47EF-AE2C-0CD53C1F4122}.AppStore|Any CPU.Build.0 = Release|Any CPU
		{4D7452C4-40BF-47EF-AE2C-0CD53C1F4122}.AppStore|ARM.ActiveCfg = Release|Any CPU
		{4D7452C4-40BF-47EF-AE2C-0CD53C1F4122}.AppStore|ARM.Build.0 = Release|Any CPU
		{4D7452C4-40BF-47EF-AE2C-0CD53C1F4122}.AppStore|iPhone.ActiveCfg = Release|Any CPU
		{4D7452C4-40BF-47EF-AE2C-0CD53C1F4122}.AppStore|iPhone.Build.0 = Release|Any CPU
		{4D7452C4-40BF-47EF-AE2C-0CD53C1F4122}.AppStore|iPhoneSimulator.ActiveCfg = Release|Any CPU
		{4D7452C4-40BF-47EF-AE2C-0CD53C1F4122}.AppStore|iPhoneSimulator.Build.0 = Release|Any CPU
		{4D7452C4-40BF-47EF-AE2C-0CD53C1F4122}.AppStore|x64.ActiveCfg = Release|Any CPU
		{4D7452C4-40BF-47EF-AE2C-0CD53C1F4122}.AppStore|x64.Build.0 = Release|Any CPU
		{4D7452C4-40BF-47EF-AE2C-0CD53C1F4122}.AppStore|x86.ActiveCfg = Release|Any CPU
		{4D7452C4-40BF-47EF-AE2C-0CD53C1F4122}.AppStore|x86.Build.0 = Release|Any CPU
		{4D7452C4-40BF-47EF-AE2C-0CD53C1F4122}.Debug|Any CPU.ActiveCfg = Debug|Any CPU
		{4D7452C4-40BF-47EF-AE2C-0CD53C1F4122}.Debug|Any CPU.Build.0 = Debug|Any CPU
		{4D7452C4-40BF-47EF-AE2C-0CD53C1F4122}.Debug|ARM.ActiveCfg = Debug|Any CPU
		{4D7452C4-40BF-47EF-AE2C-0CD53C1F4122}.Debug|ARM.Build.0 = Debug|Any CPU
		{4D7452C4-40BF-47EF-AE2C-0CD53C1F4122}.Debug|iPhone.ActiveCfg = Debug|Any CPU
		{4D7452C4-40BF-47EF-AE2C-0CD53C1F4122}.Debug|iPhone.Build.0 = Debug|Any CPU
		{4D7452C4-40BF-47EF-AE2C-0CD53C1F4122}.Debug|iPhoneSimulator.ActiveCfg = Debug|Any CPU
		{4D7452C4-40BF-47EF-AE2C-0CD53C1F4122}.Debug|iPhoneSimulator.Build.0 = Debug|Any CPU
		{4D7452C4-40BF-47EF-AE2C-0CD53C1F4122}.Debug|x64.ActiveCfg = Debug|Any CPU
		{4D7452C4-40BF-47EF-AE2C-0CD53C1F4122}.Debug|x64.Build.0 = Debug|Any CPU
		{4D7452C4-40BF-47EF-AE2C-0CD53C1F4122}.Debug|x86.ActiveCfg = Debug|Any CPU
		{4D7452C4-40BF-47EF-AE2C-0CD53C1F4122}.Debug|x86.Build.0 = Debug|Any CPU
		{4D7452C4-40BF-47EF-AE2C-0CD53C1F4122}.Release|Any CPU.ActiveCfg = Release|Any CPU
		{4D7452C4-40BF-47EF-AE2C-0CD53C1F4122}.Release|Any CPU.Build.0 = Release|Any CPU
		{4D7452C4-40BF-47EF-AE2C-0CD53C1F4122}.Release|ARM.ActiveCfg = Release|Any CPU
		{4D7452C4-40BF-47EF-AE2C-0CD53C1F4122}.Release|ARM.Build.0 = Release|Any CPU
		{4D7452C4-40BF-47EF-AE2C-0CD53C1F4122}.Release|iPhone.ActiveCfg = Release|Any CPU
		{4D7452C4-40BF-47EF-AE2C-0CD53C1F4122}.Release|iPhone.Build.0 = Release|Any CPU
		{4D7452C4-40BF-47EF-AE2C-0CD53C1F4122}.Release|iPhoneSimulator.ActiveCfg = Release|Any CPU
		{4D7452C4-40BF-47EF-AE2C-0CD53C1F4122}.Release|iPhoneSimulator.Build.0 = Release|Any CPU
		{4D7452C4-40BF-47EF-AE2C-0CD53C1F4122}.Release|x64.ActiveCfg = Release|Any CPU
		{4D7452C4-40BF-47EF-AE2C-0CD53C1F4122}.Release|x64.Build.0 = Release|Any CPU
		{4D7452C4-40BF-47EF-AE2C-0CD53C1F4122}.Release|x86.ActiveCfg = Release|Any CPU
		{4D7452C4-40BF-47EF-AE2C-0CD53C1F4122}.Release|x86.Build.0 = Release|Any CPU
		{F6C92404-06AE-4762-A4AD-190EB2E0C45E}.Ad-Hoc|Any CPU.ActiveCfg = Release|Any CPU
		{F6C92404-06AE-4762-A4AD-190EB2E0C45E}.Ad-Hoc|Any CPU.Build.0 = Release|Any CPU
		{F6C92404-06AE-4762-A4AD-190EB2E0C45E}.Ad-Hoc|ARM.ActiveCfg = Release|Any CPU
		{F6C92404-06AE-4762-A4AD-190EB2E0C45E}.Ad-Hoc|ARM.Build.0 = Release|Any CPU
		{F6C92404-06AE-4762-A4AD-190EB2E0C45E}.Ad-Hoc|iPhone.ActiveCfg = Release|Any CPU
		{F6C92404-06AE-4762-A4AD-190EB2E0C45E}.Ad-Hoc|iPhone.Build.0 = Release|Any CPU
		{F6C92404-06AE-4762-A4AD-190EB2E0C45E}.Ad-Hoc|iPhoneSimulator.ActiveCfg = Release|Any CPU
		{F6C92404-06AE-4762-A4AD-190EB2E0C45E}.Ad-Hoc|iPhoneSimulator.Build.0 = Release|Any CPU
		{F6C92404-06AE-4762-A4AD-190EB2E0C45E}.Ad-Hoc|x64.ActiveCfg = Release|Any CPU
		{F6C92404-06AE-4762-A4AD-190EB2E0C45E}.Ad-Hoc|x64.Build.0 = Release|Any CPU
		{F6C92404-06AE-4762-A4AD-190EB2E0C45E}.Ad-Hoc|x86.ActiveCfg = Release|Any CPU
		{F6C92404-06AE-4762-A4AD-190EB2E0C45E}.Ad-Hoc|x86.Build.0 = Release|Any CPU
		{F6C92404-06AE-4762-A4AD-190EB2E0C45E}.AppStore|Any CPU.ActiveCfg = Release|Any CPU
		{F6C92404-06AE-4762-A4AD-190EB2E0C45E}.AppStore|Any CPU.Build.0 = Release|Any CPU
		{F6C92404-06AE-4762-A4AD-190EB2E0C45E}.AppStore|ARM.ActiveCfg = Release|Any CPU
		{F6C92404-06AE-4762-A4AD-190EB2E0C45E}.AppStore|ARM.Build.0 = Release|Any CPU
		{F6C92404-06AE-4762-A4AD-190EB2E0C45E}.AppStore|iPhone.ActiveCfg = Release|Any CPU
		{F6C92404-06AE-4762-A4AD-190EB2E0C45E}.AppStore|iPhone.Build.0 = Release|Any CPU
		{F6C92404-06AE-4762-A4AD-190EB2E0C45E}.AppStore|iPhoneSimulator.ActiveCfg = Release|Any CPU
		{F6C92404-06AE-4762-A4AD-190EB2E0C45E}.AppStore|iPhoneSimulator.Build.0 = Release|Any CPU
		{F6C92404-06AE-4762-A4AD-190EB2E0C45E}.AppStore|x64.ActiveCfg = Release|Any CPU
		{F6C92404-06AE-4762-A4AD-190EB2E0C45E}.AppStore|x64.Build.0 = Release|Any CPU
		{F6C92404-06AE-4762-A4AD-190EB2E0C45E}.AppStore|x86.ActiveCfg = Release|Any CPU
		{F6C92404-06AE-4762-A4AD-190EB2E0C45E}.AppStore|x86.Build.0 = Release|Any CPU
		{F6C92404-06AE-4762-A4AD-190EB2E0C45E}.Debug|Any CPU.ActiveCfg = Debug|Any CPU
		{F6C92404-06AE-4762-A4AD-190EB2E0C45E}.Debug|Any CPU.Build.0 = Debug|Any CPU
		{F6C92404-06AE-4762-A4AD-190EB2E0C45E}.Debug|ARM.ActiveCfg = Debug|Any CPU
		{F6C92404-06AE-4762-A4AD-190EB2E0C45E}.Debug|ARM.Build.0 = Debug|Any CPU
		{F6C92404-06AE-4762-A4AD-190EB2E0C45E}.Debug|iPhone.ActiveCfg = Debug|Any CPU
		{F6C92404-06AE-4762-A4AD-190EB2E0C45E}.Debug|iPhone.Build.0 = Debug|Any CPU
		{F6C92404-06AE-4762-A4AD-190EB2E0C45E}.Debug|iPhoneSimulator.ActiveCfg = Debug|Any CPU
		{F6C92404-06AE-4762-A4AD-190EB2E0C45E}.Debug|iPhoneSimulator.Build.0 = Debug|Any CPU
		{F6C92404-06AE-4762-A4AD-190EB2E0C45E}.Debug|x64.ActiveCfg = Debug|Any CPU
		{F6C92404-06AE-4762-A4AD-190EB2E0C45E}.Debug|x64.Build.0 = Debug|Any CPU
		{F6C92404-06AE-4762-A4AD-190EB2E0C45E}.Debug|x86.ActiveCfg = Debug|Any CPU
		{F6C92404-06AE-4762-A4AD-190EB2E0C45E}.Debug|x86.Build.0 = Debug|Any CPU
		{F6C92404-06AE-4762-A4AD-190EB2E0C45E}.Release|Any CPU.ActiveCfg = Release|Any CPU
		{F6C92404-06AE-4762-A4AD-190EB2E0C45E}.Release|Any CPU.Build.0 = Release|Any CPU
		{F6C92404-06AE-4762-A4AD-190EB2E0C45E}.Release|ARM.ActiveCfg = Release|Any CPU
		{F6C92404-06AE-4762-A4AD-190EB2E0C45E}.Release|ARM.Build.0 = Release|Any CPU
		{F6C92404-06AE-4762-A4AD-190EB2E0C45E}.Release|iPhone.ActiveCfg = Release|Any CPU
		{F6C92404-06AE-4762-A4AD-190EB2E0C45E}.Release|iPhone.Build.0 = Release|Any CPU
		{F6C92404-06AE-4762-A4AD-190EB2E0C45E}.Release|iPhoneSimulator.ActiveCfg = Release|Any CPU
		{F6C92404-06AE-4762-A4AD-190EB2E0C45E}.Release|iPhoneSimulator.Build.0 = Release|Any CPU
		{F6C92404-06AE-4762-A4AD-190EB2E0C45E}.Release|x64.ActiveCfg = Release|Any CPU
		{F6C92404-06AE-4762-A4AD-190EB2E0C45E}.Release|x64.Build.0 = Release|Any CPU
		{F6C92404-06AE-4762-A4AD-190EB2E0C45E}.Release|x86.ActiveCfg = Release|Any CPU
		{F6C92404-06AE-4762-A4AD-190EB2E0C45E}.Release|x86.Build.0 = Release|Any CPU
		{CD062527-D527-4BA0-8B6B-8CCA7A02E5B8}.Ad-Hoc|Any CPU.ActiveCfg = Release|Any CPU
		{CD062527-D527-4BA0-8B6B-8CCA7A02E5B8}.Ad-Hoc|Any CPU.Build.0 = Release|Any CPU
		{CD062527-D527-4BA0-8B6B-8CCA7A02E5B8}.Ad-Hoc|ARM.ActiveCfg = Release|Any CPU
		{CD062527-D527-4BA0-8B6B-8CCA7A02E5B8}.Ad-Hoc|ARM.Build.0 = Release|Any CPU
		{CD062527-D527-4BA0-8B6B-8CCA7A02E5B8}.Ad-Hoc|iPhone.ActiveCfg = Release|Any CPU
		{CD062527-D527-4BA0-8B6B-8CCA7A02E5B8}.Ad-Hoc|iPhone.Build.0 = Release|Any CPU
		{CD062527-D527-4BA0-8B6B-8CCA7A02E5B8}.Ad-Hoc|iPhoneSimulator.ActiveCfg = Release|Any CPU
		{CD062527-D527-4BA0-8B6B-8CCA7A02E5B8}.Ad-Hoc|iPhoneSimulator.Build.0 = Release|Any CPU
		{CD062527-D527-4BA0-8B6B-8CCA7A02E5B8}.Ad-Hoc|x64.ActiveCfg = Release|Any CPU
		{CD062527-D527-4BA0-8B6B-8CCA7A02E5B8}.Ad-Hoc|x64.Build.0 = Release|Any CPU
		{CD062527-D527-4BA0-8B6B-8CCA7A02E5B8}.Ad-Hoc|x86.ActiveCfg = Release|Any CPU
		{CD062527-D527-4BA0-8B6B-8CCA7A02E5B8}.Ad-Hoc|x86.Build.0 = Release|Any CPU
		{CD062527-D527-4BA0-8B6B-8CCA7A02E5B8}.AppStore|Any CPU.ActiveCfg = Release|Any CPU
		{CD062527-D527-4BA0-8B6B-8CCA7A02E5B8}.AppStore|Any CPU.Build.0 = Release|Any CPU
		{CD062527-D527-4BA0-8B6B-8CCA7A02E5B8}.AppStore|ARM.ActiveCfg = Release|Any CPU
		{CD062527-D527-4BA0-8B6B-8CCA7A02E5B8}.AppStore|ARM.Build.0 = Release|Any CPU
		{CD062527-D527-4BA0-8B6B-8CCA7A02E5B8}.AppStore|iPhone.ActiveCfg = Release|Any CPU
		{CD062527-D527-4BA0-8B6B-8CCA7A02E5B8}.AppStore|iPhone.Build.0 = Release|Any CPU
		{CD062527-D527-4BA0-8B6B-8CCA7A02E5B8}.AppStore|iPhoneSimulator.ActiveCfg = Release|Any CPU
		{CD062527-D527-4BA0-8B6B-8CCA7A02E5B8}.AppStore|iPhoneSimulator.Build.0 = Release|Any CPU
		{CD062527-D527-4BA0-8B6B-8CCA7A02E5B8}.AppStore|x64.ActiveCfg = Release|Any CPU
		{CD062527-D527-4BA0-8B6B-8CCA7A02E5B8}.AppStore|x64.Build.0 = Release|Any CPU
		{CD062527-D527-4BA0-8B6B-8CCA7A02E5B8}.AppStore|x86.ActiveCfg = Release|Any CPU
		{CD062527-D527-4BA0-8B6B-8CCA7A02E5B8}.AppStore|x86.Build.0 = Release|Any CPU
		{CD062527-D527-4BA0-8B6B-8CCA7A02E5B8}.Debug|Any CPU.ActiveCfg = Debug|Any CPU
		{CD062527-D527-4BA0-8B6B-8CCA7A02E5B8}.Debug|Any CPU.Build.0 = Debug|Any CPU
		{CD062527-D527-4BA0-8B6B-8CCA7A02E5B8}.Debug|ARM.ActiveCfg = Debug|Any CPU
		{CD062527-D527-4BA0-8B6B-8CCA7A02E5B8}.Debug|ARM.Build.0 = Debug|Any CPU
		{CD062527-D527-4BA0-8B6B-8CCA7A02E5B8}.Debug|iPhone.ActiveCfg = Debug|Any CPU
		{CD062527-D527-4BA0-8B6B-8CCA7A02E5B8}.Debug|iPhone.Build.0 = Debug|Any CPU
		{CD062527-D527-4BA0-8B6B-8CCA7A02E5B8}.Debug|iPhoneSimulator.ActiveCfg = Debug|Any CPU
		{CD062527-D527-4BA0-8B6B-8CCA7A02E5B8}.Debug|iPhoneSimulator.Build.0 = Debug|Any CPU
		{CD062527-D527-4BA0-8B6B-8CCA7A02E5B8}.Debug|x64.ActiveCfg = Debug|Any CPU
		{CD062527-D527-4BA0-8B6B-8CCA7A02E5B8}.Debug|x64.Build.0 = Debug|Any CPU
		{CD062527-D527-4BA0-8B6B-8CCA7A02E5B8}.Debug|x86.ActiveCfg = Debug|Any CPU
		{CD062527-D527-4BA0-8B6B-8CCA7A02E5B8}.Debug|x86.Build.0 = Debug|Any CPU
		{CD062527-D527-4BA0-8B6B-8CCA7A02E5B8}.Release|Any CPU.ActiveCfg = Release|Any CPU
		{CD062527-D527-4BA0-8B6B-8CCA7A02E5B8}.Release|Any CPU.Build.0 = Release|Any CPU
		{CD062527-D527-4BA0-8B6B-8CCA7A02E5B8}.Release|ARM.ActiveCfg = Release|Any CPU
		{CD062527-D527-4BA0-8B6B-8CCA7A02E5B8}.Release|ARM.Build.0 = Release|Any CPU
		{CD062527-D527-4BA0-8B6B-8CCA7A02E5B8}.Release|iPhone.ActiveCfg = Release|Any CPU
		{CD062527-D527-4BA0-8B6B-8CCA7A02E5B8}.Release|iPhone.Build.0 = Release|Any CPU
		{CD062527-D527-4BA0-8B6B-8CCA7A02E5B8}.Release|iPhoneSimulator.ActiveCfg = Release|Any CPU
		{CD062527-D527-4BA0-8B6B-8CCA7A02E5B8}.Release|iPhoneSimulator.Build.0 = Release|Any CPU
		{CD062527-D527-4BA0-8B6B-8CCA7A02E5B8}.Release|x64.ActiveCfg = Release|Any CPU
		{CD062527-D527-4BA0-8B6B-8CCA7A02E5B8}.Release|x64.Build.0 = Release|Any CPU
		{CD062527-D527-4BA0-8B6B-8CCA7A02E5B8}.Release|x86.ActiveCfg = Release|Any CPU
		{CD062527-D527-4BA0-8B6B-8CCA7A02E5B8}.Release|x86.Build.0 = Release|Any CPU
		{2353F7D3-C9F4-4247-91B9-67297ACDD1C1}.Ad-Hoc|Any CPU.ActiveCfg = Ad-Hoc|iPhone
		{2353F7D3-C9F4-4247-91B9-67297ACDD1C1}.Ad-Hoc|ARM.ActiveCfg = Ad-Hoc|iPhone
		{2353F7D3-C9F4-4247-91B9-67297ACDD1C1}.Ad-Hoc|iPhone.ActiveCfg = Ad-Hoc|iPhone
		{2353F7D3-C9F4-4247-91B9-67297ACDD1C1}.Ad-Hoc|iPhone.Build.0 = Ad-Hoc|iPhone
		{2353F7D3-C9F4-4247-91B9-67297ACDD1C1}.Ad-Hoc|iPhoneSimulator.ActiveCfg = Ad-Hoc|iPhoneSimulator
		{2353F7D3-C9F4-4247-91B9-67297ACDD1C1}.Ad-Hoc|iPhoneSimulator.Build.0 = Ad-Hoc|iPhoneSimulator
		{2353F7D3-C9F4-4247-91B9-67297ACDD1C1}.Ad-Hoc|x64.ActiveCfg = Ad-Hoc|iPhone
		{2353F7D3-C9F4-4247-91B9-67297ACDD1C1}.Ad-Hoc|x86.ActiveCfg = Ad-Hoc|iPhone
		{2353F7D3-C9F4-4247-91B9-67297ACDD1C1}.AppStore|Any CPU.ActiveCfg = AppStore|iPhone
		{2353F7D3-C9F4-4247-91B9-67297ACDD1C1}.AppStore|ARM.ActiveCfg = AppStore|iPhone
		{2353F7D3-C9F4-4247-91B9-67297ACDD1C1}.AppStore|iPhone.ActiveCfg = AppStore|iPhone
		{2353F7D3-C9F4-4247-91B9-67297ACDD1C1}.AppStore|iPhone.Build.0 = AppStore|iPhone
		{2353F7D3-C9F4-4247-91B9-67297ACDD1C1}.AppStore|iPhoneSimulator.ActiveCfg = AppStore|iPhoneSimulator
		{2353F7D3-C9F4-4247-91B9-67297ACDD1C1}.AppStore|iPhoneSimulator.Build.0 = AppStore|iPhoneSimulator
		{2353F7D3-C9F4-4247-91B9-67297ACDD1C1}.AppStore|x64.ActiveCfg = AppStore|iPhone
		{2353F7D3-C9F4-4247-91B9-67297ACDD1C1}.AppStore|x86.ActiveCfg = AppStore|iPhone
		{2353F7D3-C9F4-4247-91B9-67297ACDD1C1}.Debug|Any CPU.ActiveCfg = Debug|iPhone
		{2353F7D3-C9F4-4247-91B9-67297ACDD1C1}.Debug|ARM.ActiveCfg = Debug|iPhone
		{2353F7D3-C9F4-4247-91B9-67297ACDD1C1}.Debug|iPhone.ActiveCfg = Debug|iPhone
		{2353F7D3-C9F4-4247-91B9-67297ACDD1C1}.Debug|iPhone.Build.0 = Debug|iPhone
		{2353F7D3-C9F4-4247-91B9-67297ACDD1C1}.Debug|iPhoneSimulator.ActiveCfg = Debug|iPhoneSimulator
		{2353F7D3-C9F4-4247-91B9-67297ACDD1C1}.Debug|iPhoneSimulator.Build.0 = Debug|iPhoneSimulator
		{2353F7D3-C9F4-4247-91B9-67297ACDD1C1}.Debug|x64.ActiveCfg = Debug|iPhone
		{2353F7D3-C9F4-4247-91B9-67297ACDD1C1}.Debug|x86.ActiveCfg = Debug|iPhone
		{2353F7D3-C9F4-4247-91B9-67297ACDD1C1}.Release|Any CPU.ActiveCfg = Release|iPhone
		{2353F7D3-C9F4-4247-91B9-67297ACDD1C1}.Release|ARM.ActiveCfg = Release|iPhone
		{2353F7D3-C9F4-4247-91B9-67297ACDD1C1}.Release|iPhone.ActiveCfg = Release|iPhone
		{2353F7D3-C9F4-4247-91B9-67297ACDD1C1}.Release|iPhone.Build.0 = Release|iPhone
		{2353F7D3-C9F4-4247-91B9-67297ACDD1C1}.Release|iPhoneSimulator.ActiveCfg = Release|iPhoneSimulator
		{2353F7D3-C9F4-4247-91B9-67297ACDD1C1}.Release|iPhoneSimulator.Build.0 = Release|iPhoneSimulator
		{2353F7D3-C9F4-4247-91B9-67297ACDD1C1}.Release|x64.ActiveCfg = Release|iPhone
		{2353F7D3-C9F4-4247-91B9-67297ACDD1C1}.Release|x86.ActiveCfg = Release|iPhone
		{10FC11DE-E942-45D5-B1EC-AFA8F9BB0B69}.Ad-Hoc|Any CPU.ActiveCfg = Release|Any CPU
		{10FC11DE-E942-45D5-B1EC-AFA8F9BB0B69}.Ad-Hoc|Any CPU.Build.0 = Release|Any CPU
		{10FC11DE-E942-45D5-B1EC-AFA8F9BB0B69}.Ad-Hoc|ARM.ActiveCfg = Release|Any CPU
		{10FC11DE-E942-45D5-B1EC-AFA8F9BB0B69}.Ad-Hoc|ARM.Build.0 = Release|Any CPU
		{10FC11DE-E942-45D5-B1EC-AFA8F9BB0B69}.Ad-Hoc|iPhone.ActiveCfg = Release|Any CPU
		{10FC11DE-E942-45D5-B1EC-AFA8F9BB0B69}.Ad-Hoc|iPhone.Build.0 = Release|Any CPU
		{10FC11DE-E942-45D5-B1EC-AFA8F9BB0B69}.Ad-Hoc|iPhoneSimulator.ActiveCfg = Release|Any CPU
		{10FC11DE-E942-45D5-B1EC-AFA8F9BB0B69}.Ad-Hoc|iPhoneSimulator.Build.0 = Release|Any CPU
		{10FC11DE-E942-45D5-B1EC-AFA8F9BB0B69}.Ad-Hoc|x64.ActiveCfg = Release|Any CPU
		{10FC11DE-E942-45D5-B1EC-AFA8F9BB0B69}.Ad-Hoc|x64.Build.0 = Release|Any CPU
		{10FC11DE-E942-45D5-B1EC-AFA8F9BB0B69}.Ad-Hoc|x86.ActiveCfg = Release|Any CPU
		{10FC11DE-E942-45D5-B1EC-AFA8F9BB0B69}.Ad-Hoc|x86.Build.0 = Release|Any CPU
		{10FC11DE-E942-45D5-B1EC-AFA8F9BB0B69}.AppStore|Any CPU.ActiveCfg = Release|Any CPU
		{10FC11DE-E942-45D5-B1EC-AFA8F9BB0B69}.AppStore|Any CPU.Build.0 = Release|Any CPU
		{10FC11DE-E942-45D5-B1EC-AFA8F9BB0B69}.AppStore|ARM.ActiveCfg = Release|Any CPU
		{10FC11DE-E942-45D5-B1EC-AFA8F9BB0B69}.AppStore|ARM.Build.0 = Release|Any CPU
		{10FC11DE-E942-45D5-B1EC-AFA8F9BB0B69}.AppStore|iPhone.ActiveCfg = Release|Any CPU
		{10FC11DE-E942-45D5-B1EC-AFA8F9BB0B69}.AppStore|iPhone.Build.0 = Release|Any CPU
		{10FC11DE-E942-45D5-B1EC-AFA8F9BB0B69}.AppStore|iPhoneSimulator.ActiveCfg = Release|Any CPU
		{10FC11DE-E942-45D5-B1EC-AFA8F9BB0B69}.AppStore|iPhoneSimulator.Build.0 = Release|Any CPU
		{10FC11DE-E942-45D5-B1EC-AFA8F9BB0B69}.AppStore|x64.ActiveCfg = Release|Any CPU
		{10FC11DE-E942-45D5-B1EC-AFA8F9BB0B69}.AppStore|x64.Build.0 = Release|Any CPU
		{10FC11DE-E942-45D5-B1EC-AFA8F9BB0B69}.AppStore|x86.ActiveCfg = Release|Any CPU
		{10FC11DE-E942-45D5-B1EC-AFA8F9BB0B69}.AppStore|x86.Build.0 = Release|Any CPU
		{10FC11DE-E942-45D5-B1EC-AFA8F9BB0B69}.Debug|Any CPU.ActiveCfg = Debug|Any CPU
		{10FC11DE-E942-45D5-B1EC-AFA8F9BB0B69}.Debug|Any CPU.Build.0 = Debug|Any CPU
		{10FC11DE-E942-45D5-B1EC-AFA8F9BB0B69}.Debug|ARM.ActiveCfg = Debug|Any CPU
		{10FC11DE-E942-45D5-B1EC-AFA8F9BB0B69}.Debug|ARM.Build.0 = Debug|Any CPU
		{10FC11DE-E942-45D5-B1EC-AFA8F9BB0B69}.Debug|iPhone.ActiveCfg = Debug|Any CPU
		{10FC11DE-E942-45D5-B1EC-AFA8F9BB0B69}.Debug|iPhone.Build.0 = Debug|Any CPU
		{10FC11DE-E942-45D5-B1EC-AFA8F9BB0B69}.Debug|iPhoneSimulator.ActiveCfg = Debug|Any CPU
		{10FC11DE-E942-45D5-B1EC-AFA8F9BB0B69}.Debug|iPhoneSimulator.Build.0 = Debug|Any CPU
		{10FC11DE-E942-45D5-B1EC-AFA8F9BB0B69}.Debug|x64.ActiveCfg = Debug|Any CPU
		{10FC11DE-E942-45D5-B1EC-AFA8F9BB0B69}.Debug|x64.Build.0 = Debug|Any CPU
		{10FC11DE-E942-45D5-B1EC-AFA8F9BB0B69}.Debug|x86.ActiveCfg = Debug|Any CPU
		{10FC11DE-E942-45D5-B1EC-AFA8F9BB0B69}.Debug|x86.Build.0 = Debug|Any CPU
		{10FC11DE-E942-45D5-B1EC-AFA8F9BB0B69}.Release|Any CPU.ActiveCfg = Release|Any CPU
		{10FC11DE-E942-45D5-B1EC-AFA8F9BB0B69}.Release|Any CPU.Build.0 = Release|Any CPU
		{10FC11DE-E942-45D5-B1EC-AFA8F9BB0B69}.Release|ARM.ActiveCfg = Release|Any CPU
		{10FC11DE-E942-45D5-B1EC-AFA8F9BB0B69}.Release|ARM.Build.0 = Release|Any CPU
		{10FC11DE-E942-45D5-B1EC-AFA8F9BB0B69}.Release|iPhone.ActiveCfg = Release|Any CPU
		{10FC11DE-E942-45D5-B1EC-AFA8F9BB0B69}.Release|iPhone.Build.0 = Release|Any CPU
		{10FC11DE-E942-45D5-B1EC-AFA8F9BB0B69}.Release|iPhoneSimulator.ActiveCfg = Release|Any CPU
		{10FC11DE-E942-45D5-B1EC-AFA8F9BB0B69}.Release|iPhoneSimulator.Build.0 = Release|Any CPU
		{10FC11DE-E942-45D5-B1EC-AFA8F9BB0B69}.Release|x64.ActiveCfg = Release|Any CPU
		{10FC11DE-E942-45D5-B1EC-AFA8F9BB0B69}.Release|x64.Build.0 = Release|Any CPU
		{10FC11DE-E942-45D5-B1EC-AFA8F9BB0B69}.Release|x86.ActiveCfg = Release|Any CPU
		{10FC11DE-E942-45D5-B1EC-AFA8F9BB0B69}.Release|x86.Build.0 = Release|Any CPU
	EndGlobalSection
	GlobalSection(SolutionProperties) = preSolution
		HideSolutionNode = FALSE
	EndGlobalSection
	GlobalSection(NestedProjects) = preSolution
		{16545FAD-3869-49F5-A371-A0B084B110A4} = {453266E1-6D74-4329-A296-52D7EDDCE401}
		{FA527C39-158A-459D-A683-29C6D49D582B} = {453266E1-6D74-4329-A296-52D7EDDCE401}
		{74B6F931-CD64-48DA-9E2F-9A82245EDBCD} = {453266E1-6D74-4329-A296-52D7EDDCE401}
		{F0B99559-9CF8-459B-85FD-DC0233BDD659} = {453266E1-6D74-4329-A296-52D7EDDCE401}
		{A17BC6D5-DB57-464F-9669-B84FD314BE93} = {453266E1-6D74-4329-A296-52D7EDDCE401}
		{1CD7F3DC-23F4-435B-BB18-3897E4E96215} = {AE478DD6-82D8-4E1B-B5FB-931427823167}
		{10FC11DE-E942-45D5-B1EC-AFA8F9BB0B69} = {AE478DD6-82D8-4E1B-B5FB-931427823167}
	EndGlobalSection
EndGlobal
