
Microsoft Visual Studio Solution File, Format Version 12.00
# Visual Studio 15
VisualStudioVersion = 15.0.27130.2003
MinimumVisualStudioVersion = 10.0.40219.1
Project("{2150E333-8FDC-42A3-9474-1A3956D46DE8}") = "DataViewer", "DataViewer", "{AE478DD6-82D8-4E1B-B5FB-931427823167}"
EndProject
Project("{9A19103F-16F7-4668-BE54-9A1E7A4F7556}") = "OpenSage.Game", "OpenSage.Game\OpenSage.Game.csproj", "{65414137-B69D-42ED-9950-0428974D54CE}"
EndProject
Project("{9A19103F-16F7-4668-BE54-9A1E7A4F7556}") = "OpenSage.Game.Tests", "OpenSage.Game.Tests\OpenSage.Game.Tests.csproj", "{3516CD25-8B80-4956-9726-640CC915E4AC}"
EndProject
Project("{9A19103F-16F7-4668-BE54-9A1E7A4F7556}") = "OpenSage.DataViewer", "OpenSage.DataViewer\OpenSage.DataViewer.csproj", "{46EDA15B-7300-4FD6-A4FD-66810C3B5B75}"
EndProject
Project("{9A19103F-16F7-4668-BE54-9A1E7A4F7556}") = "OpenSage.DataViewer.Windows", "OpenSage.DataViewer.Windows\OpenSage.DataViewer.Windows.csproj", "{1D432BD6-B14F-4008-88B3-E3DC52AC7380}"
EndProject
Project("{9A19103F-16F7-4668-BE54-9A1E7A4F7556}") = "OpenSage.LowLevel", "OpenSage.LowLevel\OpenSage.LowLevel.csproj", "{AA6CCAEB-CC90-4463-A67E-336580BCD036}"
EndProject
Project("{9A19103F-16F7-4668-BE54-9A1E7A4F7556}") = "OpenSage.Launcher.Windows", "OpenSage.Launcher.Windows\OpenSage.Launcher.Windows.csproj", "{67E44279-E8BB-455E-96B0-ADD3E07CF68F}"
EndProject
Project("{9A19103F-16F7-4668-BE54-9A1E7A4F7556}") = "OpenSage.Mods.Generals", "OpenSage.Mods.Generals\OpenSage.Mods.Generals.csproj", "{57942CDD-AEF9-4D0D-B3F4-3FBE4461A649}"
EndProject
Project("{FAE04EC0-301F-11D3-BF4B-00C04F79EFBC}") = "OpenSage.Mods.BuiltIn", "OpenSage.Mods.BuiltIn\OpenSage.Mods.BuiltIn.csproj", "{2FD188F9-80B0-4197-ADBF-FF793E45EAD7}"
EndProject
Project("{FAE04EC0-301F-11D3-BF4B-00C04F79EFBC}") = "OpenSage.Mods.Cnc3", "OpenSage.Mods.Cnc3\OpenSage.Mods.Cnc3.csproj", "{569D0E40-2A02-41FC-908D-40C6FCCB7DAB}"
EndProject
Project("{FAE04EC0-301F-11D3-BF4B-00C04F79EFBC}") = "OpenSage.Mods.Ra3", "OpenSage.Mods.Ra3\OpenSage.Mods.Ra3.csproj", "{0F3ECCD2-AEBC-4775-9337-7B07EC9D1070}"
EndProject
Project("{FAE04EC0-301F-11D3-BF4B-00C04F79EFBC}") = "OpenSage.Mods.Cnc4", "OpenSage.Mods.Cnc4\OpenSage.Mods.Cnc4.csproj", "{47798A99-BE2D-401F-AF78-79CA16B8A132}"
EndProject
Project("{FAE04EC0-301F-11D3-BF4B-00C04F79EFBC}") = "OpenSage.Mods.Bfme", "OpenSage.Mods.Bfme\OpenSage.Mods.Bfme.csproj", "{0521E24E-859B-4F7A-BE23-9CBC53A14595}"
EndProject
Project("{FAE04EC0-301F-11D3-BF4B-00C04F79EFBC}") = "OpenSage.Mods.BfmeII", "OpenSage.Mods.BfmeII\OpenSage.Mods.BfmeII.csproj", "{771E6271-64F9-4BB4-9E38-DF4DA0029898}"
EndProject
Project("{2150E333-8FDC-42A3-9474-1A3956D46DE8}") = "Mods", "Mods", "{9410748F-ABB1-45AF-98E3-98858A8C0010}"
EndProject
Global
	GlobalSection(SolutionConfigurationPlatforms) = preSolution
		Debug|Any CPU = Debug|Any CPU
		Release|Any CPU = Release|Any CPU
	EndGlobalSection
	GlobalSection(ProjectConfigurationPlatforms) = postSolution
		{65414137-B69D-42ED-9950-0428974D54CE}.Debug|Any CPU.ActiveCfg = Debug|Any CPU
		{65414137-B69D-42ED-9950-0428974D54CE}.Debug|Any CPU.Build.0 = Debug|Any CPU
		{65414137-B69D-42ED-9950-0428974D54CE}.Release|Any CPU.ActiveCfg = Release|Any CPU
		{65414137-B69D-42ED-9950-0428974D54CE}.Release|Any CPU.Build.0 = Release|Any CPU
		{3516CD25-8B80-4956-9726-640CC915E4AC}.Debug|Any CPU.ActiveCfg = Debug|Any CPU
		{3516CD25-8B80-4956-9726-640CC915E4AC}.Debug|Any CPU.Build.0 = Debug|Any CPU
		{3516CD25-8B80-4956-9726-640CC915E4AC}.Release|Any CPU.ActiveCfg = Release|Any CPU
		{3516CD25-8B80-4956-9726-640CC915E4AC}.Release|Any CPU.Build.0 = Release|Any CPU
		{46EDA15B-7300-4FD6-A4FD-66810C3B5B75}.Debug|Any CPU.ActiveCfg = Debug|Any CPU
		{46EDA15B-7300-4FD6-A4FD-66810C3B5B75}.Debug|Any CPU.Build.0 = Debug|Any CPU
		{46EDA15B-7300-4FD6-A4FD-66810C3B5B75}.Release|Any CPU.ActiveCfg = Release|Any CPU
		{46EDA15B-7300-4FD6-A4FD-66810C3B5B75}.Release|Any CPU.Build.0 = Release|Any CPU
		{1D432BD6-B14F-4008-88B3-E3DC52AC7380}.Debug|Any CPU.ActiveCfg = Debug|Any CPU
		{1D432BD6-B14F-4008-88B3-E3DC52AC7380}.Debug|Any CPU.Build.0 = Debug|Any CPU
		{1D432BD6-B14F-4008-88B3-E3DC52AC7380}.Release|Any CPU.ActiveCfg = Release|Any CPU
		{1D432BD6-B14F-4008-88B3-E3DC52AC7380}.Release|Any CPU.Build.0 = Release|Any CPU
		{AA6CCAEB-CC90-4463-A67E-336580BCD036}.Debug|Any CPU.ActiveCfg = Debug|Any CPU
		{AA6CCAEB-CC90-4463-A67E-336580BCD036}.Debug|Any CPU.Build.0 = Debug|Any CPU
		{AA6CCAEB-CC90-4463-A67E-336580BCD036}.Release|Any CPU.ActiveCfg = Release|Any CPU
		{AA6CCAEB-CC90-4463-A67E-336580BCD036}.Release|Any CPU.Build.0 = Release|Any CPU
		{67E44279-E8BB-455E-96B0-ADD3E07CF68F}.Debug|Any CPU.ActiveCfg = Debug|Any CPU
		{67E44279-E8BB-455E-96B0-ADD3E07CF68F}.Debug|Any CPU.Build.0 = Debug|Any CPU
		{67E44279-E8BB-455E-96B0-ADD3E07CF68F}.Release|Any CPU.ActiveCfg = Release|Any CPU
		{67E44279-E8BB-455E-96B0-ADD3E07CF68F}.Release|Any CPU.Build.0 = Release|Any CPU
		{57942CDD-AEF9-4D0D-B3F4-3FBE4461A649}.Debug|Any CPU.ActiveCfg = Debug|Any CPU
		{57942CDD-AEF9-4D0D-B3F4-3FBE4461A649}.Debug|Any CPU.Build.0 = Debug|Any CPU
		{57942CDD-AEF9-4D0D-B3F4-3FBE4461A649}.Release|Any CPU.ActiveCfg = Release|Any CPU
		{57942CDD-AEF9-4D0D-B3F4-3FBE4461A649}.Release|Any CPU.Build.0 = Release|Any CPU
		{2FD188F9-80B0-4197-ADBF-FF793E45EAD7}.Debug|Any CPU.ActiveCfg = Debug|Any CPU
		{2FD188F9-80B0-4197-ADBF-FF793E45EAD7}.Debug|Any CPU.Build.0 = Debug|Any CPU
		{2FD188F9-80B0-4197-ADBF-FF793E45EAD7}.Release|Any CPU.ActiveCfg = Release|Any CPU
		{2FD188F9-80B0-4197-ADBF-FF793E45EAD7}.Release|Any CPU.Build.0 = Release|Any CPU
		{569D0E40-2A02-41FC-908D-40C6FCCB7DAB}.Debug|Any CPU.ActiveCfg = Debug|Any CPU
		{569D0E40-2A02-41FC-908D-40C6FCCB7DAB}.Debug|Any CPU.Build.0 = Debug|Any CPU
		{569D0E40-2A02-41FC-908D-40C6FCCB7DAB}.Release|Any CPU.ActiveCfg = Release|Any CPU
		{569D0E40-2A02-41FC-908D-40C6FCCB7DAB}.Release|Any CPU.Build.0 = Release|Any CPU
		{0F3ECCD2-AEBC-4775-9337-7B07EC9D1070}.Debug|Any CPU.ActiveCfg = Debug|Any CPU
		{0F3ECCD2-AEBC-4775-9337-7B07EC9D1070}.Debug|Any CPU.Build.0 = Debug|Any CPU
		{0F3ECCD2-AEBC-4775-9337-7B07EC9D1070}.Release|Any CPU.ActiveCfg = Release|Any CPU
		{0F3ECCD2-AEBC-4775-9337-7B07EC9D1070}.Release|Any CPU.Build.0 = Release|Any CPU
		{47798A99-BE2D-401F-AF78-79CA16B8A132}.Debug|Any CPU.ActiveCfg = Debug|Any CPU
		{47798A99-BE2D-401F-AF78-79CA16B8A132}.Debug|Any CPU.Build.0 = Debug|Any CPU
		{47798A99-BE2D-401F-AF78-79CA16B8A132}.Release|Any CPU.ActiveCfg = Release|Any CPU
		{47798A99-BE2D-401F-AF78-79CA16B8A132}.Release|Any CPU.Build.0 = Release|Any CPU
		{0521E24E-859B-4F7A-BE23-9CBC53A14595}.Debug|Any CPU.ActiveCfg = Debug|Any CPU
		{0521E24E-859B-4F7A-BE23-9CBC53A14595}.Debug|Any CPU.Build.0 = Debug|Any CPU
		{0521E24E-859B-4F7A-BE23-9CBC53A14595}.Release|Any CPU.ActiveCfg = Release|Any CPU
		{0521E24E-859B-4F7A-BE23-9CBC53A14595}.Release|Any CPU.Build.0 = Release|Any CPU
		{771E6271-64F9-4BB4-9E38-DF4DA0029898}.Debug|Any CPU.ActiveCfg = Debug|Any CPU
		{771E6271-64F9-4BB4-9E38-DF4DA0029898}.Debug|Any CPU.Build.0 = Debug|Any CPU
		{771E6271-64F9-4BB4-9E38-DF4DA0029898}.Release|Any CPU.ActiveCfg = Release|Any CPU
		{771E6271-64F9-4BB4-9E38-DF4DA0029898}.Release|Any CPU.Build.0 = Release|Any CPU
	EndGlobalSection
	GlobalSection(SolutionProperties) = preSolution
		HideSolutionNode = FALSE
	EndGlobalSection
	GlobalSection(NestedProjects) = preSolution
		{46EDA15B-7300-4FD6-A4FD-66810C3B5B75} = {AE478DD6-82D8-4E1B-B5FB-931427823167}
		{1D432BD6-B14F-4008-88B3-E3DC52AC7380} = {AE478DD6-82D8-4E1B-B5FB-931427823167}
		{57942CDD-AEF9-4D0D-B3F4-3FBE4461A649} = {9410748F-ABB1-45AF-98E3-98858A8C0010}
		{2FD188F9-80B0-4197-ADBF-FF793E45EAD7} = {9410748F-ABB1-45AF-98E3-98858A8C0010}
		{569D0E40-2A02-41FC-908D-40C6FCCB7DAB} = {9410748F-ABB1-45AF-98E3-98858A8C0010}
		{0F3ECCD2-AEBC-4775-9337-7B07EC9D1070} = {9410748F-ABB1-45AF-98E3-98858A8C0010}
		{47798A99-BE2D-401F-AF78-79CA16B8A132} = {9410748F-ABB1-45AF-98E3-98858A8C0010}
		{0521E24E-859B-4F7A-BE23-9CBC53A14595} = {9410748F-ABB1-45AF-98E3-98858A8C0010}
		{771E6271-64F9-4BB4-9E38-DF4DA0029898} = {9410748F-ABB1-45AF-98E3-98858A8C0010}
	EndGlobalSection
	GlobalSection(ExtensibilityGlobals) = postSolution
		SolutionGuid = {DBD83F1E-3F41-45D9-AACC-62E00826AD5C}
	EndGlobalSection
EndGlobal
