
Microsoft Visual Studio Solution File, Format Version 12.00
# Visual Studio Version 16
VisualStudioVersion = 16.0.29911.84
MinimumVisualStudioVersion = 10.0.40219.1
Project("{9A19103F-16F7-4668-BE54-9A1E7A4F7556}") = "OpenSage.Game", "OpenSage.Game\OpenSage.Game.csproj", "{65414137-B69D-42ED-9950-0428974D54CE}"
EndProject
Project("{9A19103F-16F7-4668-BE54-9A1E7A4F7556}") = "OpenSage.Game.Tests", "OpenSage.Game.Tests\OpenSage.Game.Tests.csproj", "{3516CD25-8B80-4956-9726-640CC915E4AC}"
EndProject
Project("{9A19103F-16F7-4668-BE54-9A1E7A4F7556}") = "OpenSage.Mods.Generals", "OpenSage.Mods.Generals\OpenSage.Mods.Generals.csproj", "{57942CDD-AEF9-4D0D-B3F4-3FBE4461A649}"
EndProject
Project("{9A19103F-16F7-4668-BE54-9A1E7A4F7556}") = "OpenSage.Mods.BuiltIn", "OpenSage.Mods.BuiltIn\OpenSage.Mods.BuiltIn.csproj", "{2FD188F9-80B0-4197-ADBF-FF793E45EAD7}"
EndProject
Project("{9A19103F-16F7-4668-BE54-9A1E7A4F7556}") = "OpenSage.Mods.Cnc3", "OpenSage.Mods.Cnc3\OpenSage.Mods.Cnc3.csproj", "{569D0E40-2A02-41FC-908D-40C6FCCB7DAB}"
EndProject
Project("{9A19103F-16F7-4668-BE54-9A1E7A4F7556}") = "OpenSage.Mods.Ra3", "OpenSage.Mods.Ra3\OpenSage.Mods.Ra3.csproj", "{0F3ECCD2-AEBC-4775-9337-7B07EC9D1070}"
EndProject
Project("{9A19103F-16F7-4668-BE54-9A1E7A4F7556}") = "OpenSage.Mods.Cnc4", "OpenSage.Mods.Cnc4\OpenSage.Mods.Cnc4.csproj", "{47798A99-BE2D-401F-AF78-79CA16B8A132}"
EndProject
Project("{9A19103F-16F7-4668-BE54-9A1E7A4F7556}") = "OpenSage.Mods.Bfme", "OpenSage.Mods.Bfme\OpenSage.Mods.Bfme.csproj", "{0521E24E-859B-4F7A-BE23-9CBC53A14595}"
EndProject
Project("{9A19103F-16F7-4668-BE54-9A1E7A4F7556}") = "OpenSage.Mods.Bfme2", "OpenSage.Mods.Bfme2\OpenSage.Mods.Bfme2.csproj", "{771E6271-64F9-4BB4-9E38-DF4DA0029898}"
EndProject
Project("{2150E333-8FDC-42A3-9474-1A3956D46DE8}") = "Mods", "Mods", "{9410748F-ABB1-45AF-98E3-98858A8C0010}"
EndProject
Project("{9A19103F-16F7-4668-BE54-9A1E7A4F7556}") = "OpenSage.Launcher", "OpenSage.Launcher\OpenSage.Launcher.csproj", "{1B444162-022A-4E69-A9D3-00582CCE5586}"
EndProject
Project("{2150E333-8FDC-42A3-9474-1A3956D46DE8}") = "Tools", "Tools", "{DA1B5AB5-4CC9-49CB-ACF1-34CF6A69D5BE}"
EndProject
Project("{9A19103F-16F7-4668-BE54-9A1E7A4F7556}") = "OpenSage.Tools.BigEditor", "OpenSage.Tools.BigEditor\OpenSage.Tools.BigEditor.csproj", "{C2F25BA9-74F0-484A-B305-B8D67AC0F398}"
EndProject
Project("{2150E333-8FDC-42A3-9474-1A3956D46DE8}") = "Benchmarks", "Benchmarks", "{FFC49638-8FFE-4C6E-B2B2-AC7D942498D6}"
EndProject
Project("{9A19103F-16F7-4668-BE54-9A1E7A4F7556}") = "OpenSage.Benchmarks.DataStructures", "OpenSage.Benchmarks.DataStructures\OpenSage.Benchmarks.DataStructures.csproj", "{8483402D-4DB2-4E7B-AEAA-9091A3F0255C}"
EndProject
Project("{9A19103F-16F7-4668-BE54-9A1E7A4F7556}") = "OpenSage.Mathematics", "OpenSage.Mathematics\OpenSage.Mathematics.csproj", "{77A072B8-05F4-400A-BC97-5D53827D9D11}"
EndProject
Project("{9A19103F-16F7-4668-BE54-9A1E7A4F7556}") = "OpenSage.FileFormats", "OpenSage.FileFormats\OpenSage.FileFormats.csproj", "{5C98C7B3-5FDF-4EF1-9DEC-F778783F8A4F}"
EndProject
Project("{9A19103F-16F7-4668-BE54-9A1E7A4F7556}") = "OpenSage.FileFormats.W3d", "OpenSage.FileFormats.W3d\OpenSage.FileFormats.W3d.csproj", "{C3857171-4F4B-42F6-8741-ED652C13F04B}"
EndProject
Project("{9A19103F-16F7-4668-BE54-9A1E7A4F7556}") = "OpenSage.FileFormats.Big", "OpenSage.FileFormats.Big\OpenSage.FileFormats.Big.csproj", "{7E58D531-B547-45E0-8A24-E90403B4DBFD}"
	ProjectSection(ProjectDependencies) = postProject
		{5767CC8D-AD47-472E-B263-87D77964DC85} = {5767CC8D-AD47-472E-B263-87D77964DC85}
	EndProjectSection
EndProject
Project("{9A19103F-16F7-4668-BE54-9A1E7A4F7556}") = "OpenSage.Core", "OpenSage.Core\OpenSage.Core.csproj", "{5767CC8D-AD47-472E-B263-87D77964DC85}"
EndProject
Project("{9A19103F-16F7-4668-BE54-9A1E7A4F7556}") = "OpenSage.FileFormats.RefPack", "OpenSage.FileFormats.RefPack\OpenSage.FileFormats.RefPack.csproj", "{4CB6428E-9600-469D-B6F3-CBD765D0D257}"
EndProject
Project("{9A19103F-16F7-4668-BE54-9A1E7A4F7556}") = "OpenSage.Tools.BigTool", "OpenSage.Tools.BigTool\OpenSage.Tools.BigTool.csproj", "{09B2C509-4033-433F-9442-4D81B930C715}"
EndProject
Project("{9A19103F-16F7-4668-BE54-9A1E7A4F7556}") = "OpenSage.Tools.AptEditor", "OpenSage.Tools.AptEditor\OpenSage.Tools.AptEditor.csproj", "{CC67942B-862D-48DA-B2A5-BD61B924E4D0}"
EndProject
Global
	GlobalSection(SolutionConfigurationPlatforms) = preSolution
		Debug|Any CPU = Debug|Any CPU
		Release|Any CPU = Release|Any CPU
	EndGlobalSection
	GlobalSection(ProjectConfigurationPlatforms) = postSolution
		{65414137-B69D-42ED-9950-0428974D54CE}.Debug|Any CPU.ActiveCfg = Debug|Any CPU
		{65414137-B69D-42ED-9950-0428974D54CE}.Debug|Any CPU.Build.0 = Debug|Any CPU
		{65414137-B69D-42ED-9950-0428974D54CE}.Release|Any CPU.ActiveCfg = Release|Any CPU
		{65414137-B69D-42ED-9950-0428974D54CE}.Release|Any CPU.Build.0 = Release|Any CPU
		{3516CD25-8B80-4956-9726-640CC915E4AC}.Debug|Any CPU.ActiveCfg = Debug|Any CPU
		{3516CD25-8B80-4956-9726-640CC915E4AC}.Debug|Any CPU.Build.0 = Debug|Any CPU
		{3516CD25-8B80-4956-9726-640CC915E4AC}.Release|Any CPU.ActiveCfg = Release|Any CPU
		{3516CD25-8B80-4956-9726-640CC915E4AC}.Release|Any CPU.Build.0 = Release|Any CPU
		{57942CDD-AEF9-4D0D-B3F4-3FBE4461A649}.Debug|Any CPU.ActiveCfg = Debug|Any CPU
		{57942CDD-AEF9-4D0D-B3F4-3FBE4461A649}.Debug|Any CPU.Build.0 = Debug|Any CPU
		{57942CDD-AEF9-4D0D-B3F4-3FBE4461A649}.Release|Any CPU.ActiveCfg = Release|Any CPU
		{57942CDD-AEF9-4D0D-B3F4-3FBE4461A649}.Release|Any CPU.Build.0 = Release|Any CPU
		{2FD188F9-80B0-4197-ADBF-FF793E45EAD7}.Debug|Any CPU.ActiveCfg = Debug|Any CPU
		{2FD188F9-80B0-4197-ADBF-FF793E45EAD7}.Debug|Any CPU.Build.0 = Debug|Any CPU
		{2FD188F9-80B0-4197-ADBF-FF793E45EAD7}.Release|Any CPU.ActiveCfg = Release|Any CPU
		{2FD188F9-80B0-4197-ADBF-FF793E45EAD7}.Release|Any CPU.Build.0 = Release|Any CPU
		{569D0E40-2A02-41FC-908D-40C6FCCB7DAB}.Debug|Any CPU.ActiveCfg = Debug|Any CPU
		{569D0E40-2A02-41FC-908D-40C6FCCB7DAB}.Debug|Any CPU.Build.0 = Debug|Any CPU
		{569D0E40-2A02-41FC-908D-40C6FCCB7DAB}.Release|Any CPU.ActiveCfg = Release|Any CPU
		{569D0E40-2A02-41FC-908D-40C6FCCB7DAB}.Release|Any CPU.Build.0 = Release|Any CPU
		{0F3ECCD2-AEBC-4775-9337-7B07EC9D1070}.Debug|Any CPU.ActiveCfg = Debug|Any CPU
		{0F3ECCD2-AEBC-4775-9337-7B07EC9D1070}.Debug|Any CPU.Build.0 = Debug|Any CPU
		{0F3ECCD2-AEBC-4775-9337-7B07EC9D1070}.Release|Any CPU.ActiveCfg = Release|Any CPU
		{0F3ECCD2-AEBC-4775-9337-7B07EC9D1070}.Release|Any CPU.Build.0 = Release|Any CPU
		{47798A99-BE2D-401F-AF78-79CA16B8A132}.Debug|Any CPU.ActiveCfg = Debug|Any CPU
		{47798A99-BE2D-401F-AF78-79CA16B8A132}.Debug|Any CPU.Build.0 = Debug|Any CPU
		{47798A99-BE2D-401F-AF78-79CA16B8A132}.Release|Any CPU.ActiveCfg = Release|Any CPU
		{47798A99-BE2D-401F-AF78-79CA16B8A132}.Release|Any CPU.Build.0 = Release|Any CPU
		{0521E24E-859B-4F7A-BE23-9CBC53A14595}.Debug|Any CPU.ActiveCfg = Debug|Any CPU
		{0521E24E-859B-4F7A-BE23-9CBC53A14595}.Debug|Any CPU.Build.0 = Debug|Any CPU
		{0521E24E-859B-4F7A-BE23-9CBC53A14595}.Release|Any CPU.ActiveCfg = Release|Any CPU
		{0521E24E-859B-4F7A-BE23-9CBC53A14595}.Release|Any CPU.Build.0 = Release|Any CPU
		{771E6271-64F9-4BB4-9E38-DF4DA0029898}.Debug|Any CPU.ActiveCfg = Debug|Any CPU
		{771E6271-64F9-4BB4-9E38-DF4DA0029898}.Debug|Any CPU.Build.0 = Debug|Any CPU
		{771E6271-64F9-4BB4-9E38-DF4DA0029898}.Release|Any CPU.ActiveCfg = Release|Any CPU
		{771E6271-64F9-4BB4-9E38-DF4DA0029898}.Release|Any CPU.Build.0 = Release|Any CPU
		{1B444162-022A-4E69-A9D3-00582CCE5586}.Debug|Any CPU.ActiveCfg = Debug|Any CPU
		{1B444162-022A-4E69-A9D3-00582CCE5586}.Debug|Any CPU.Build.0 = Debug|Any CPU
		{1B444162-022A-4E69-A9D3-00582CCE5586}.Release|Any CPU.ActiveCfg = Release|Any CPU
		{1B444162-022A-4E69-A9D3-00582CCE5586}.Release|Any CPU.Build.0 = Release|Any CPU
		{C2F25BA9-74F0-484A-B305-B8D67AC0F398}.Debug|Any CPU.ActiveCfg = Debug|Any CPU
		{C2F25BA9-74F0-484A-B305-B8D67AC0F398}.Debug|Any CPU.Build.0 = Debug|Any CPU
		{C2F25BA9-74F0-484A-B305-B8D67AC0F398}.Release|Any CPU.ActiveCfg = Release|Any CPU
		{C2F25BA9-74F0-484A-B305-B8D67AC0F398}.Release|Any CPU.Build.0 = Release|Any CPU
		{8483402D-4DB2-4E7B-AEAA-9091A3F0255C}.Debug|Any CPU.ActiveCfg = Debug|Any CPU
		{8483402D-4DB2-4E7B-AEAA-9091A3F0255C}.Debug|Any CPU.Build.0 = Debug|Any CPU
		{8483402D-4DB2-4E7B-AEAA-9091A3F0255C}.Release|Any CPU.ActiveCfg = Release|Any CPU
		{8483402D-4DB2-4E7B-AEAA-9091A3F0255C}.Release|Any CPU.Build.0 = Release|Any CPU
		{77A072B8-05F4-400A-BC97-5D53827D9D11}.Debug|Any CPU.ActiveCfg = Debug|Any CPU
		{77A072B8-05F4-400A-BC97-5D53827D9D11}.Debug|Any CPU.Build.0 = Debug|Any CPU
		{77A072B8-05F4-400A-BC97-5D53827D9D11}.Release|Any CPU.ActiveCfg = Release|Any CPU
		{77A072B8-05F4-400A-BC97-5D53827D9D11}.Release|Any CPU.Build.0 = Release|Any CPU
		{5C98C7B3-5FDF-4EF1-9DEC-F778783F8A4F}.Debug|Any CPU.ActiveCfg = Debug|Any CPU
		{5C98C7B3-5FDF-4EF1-9DEC-F778783F8A4F}.Debug|Any CPU.Build.0 = Debug|Any CPU
		{5C98C7B3-5FDF-4EF1-9DEC-F778783F8A4F}.Release|Any CPU.ActiveCfg = Release|Any CPU
		{5C98C7B3-5FDF-4EF1-9DEC-F778783F8A4F}.Release|Any CPU.Build.0 = Release|Any CPU
		{C3857171-4F4B-42F6-8741-ED652C13F04B}.Debug|Any CPU.ActiveCfg = Debug|Any CPU
		{C3857171-4F4B-42F6-8741-ED652C13F04B}.Debug|Any CPU.Build.0 = Debug|Any CPU
		{C3857171-4F4B-42F6-8741-ED652C13F04B}.Release|Any CPU.ActiveCfg = Release|Any CPU
		{C3857171-4F4B-42F6-8741-ED652C13F04B}.Release|Any CPU.Build.0 = Release|Any CPU
		{7E58D531-B547-45E0-8A24-E90403B4DBFD}.Debug|Any CPU.ActiveCfg = Debug|Any CPU
		{7E58D531-B547-45E0-8A24-E90403B4DBFD}.Debug|Any CPU.Build.0 = Debug|Any CPU
		{7E58D531-B547-45E0-8A24-E90403B4DBFD}.Release|Any CPU.ActiveCfg = Release|Any CPU
		{7E58D531-B547-45E0-8A24-E90403B4DBFD}.Release|Any CPU.Build.0 = Release|Any CPU
		{5767CC8D-AD47-472E-B263-87D77964DC85}.Debug|Any CPU.ActiveCfg = Debug|Any CPU
		{5767CC8D-AD47-472E-B263-87D77964DC85}.Debug|Any CPU.Build.0 = Debug|Any CPU
		{5767CC8D-AD47-472E-B263-87D77964DC85}.Release|Any CPU.ActiveCfg = Release|Any CPU
		{5767CC8D-AD47-472E-B263-87D77964DC85}.Release|Any CPU.Build.0 = Release|Any CPU
		{4CB6428E-9600-469D-B6F3-CBD765D0D257}.Debug|Any CPU.ActiveCfg = Debug|Any CPU
		{4CB6428E-9600-469D-B6F3-CBD765D0D257}.Debug|Any CPU.Build.0 = Debug|Any CPU
		{4CB6428E-9600-469D-B6F3-CBD765D0D257}.Release|Any CPU.ActiveCfg = Release|Any CPU
		{4CB6428E-9600-469D-B6F3-CBD765D0D257}.Release|Any CPU.Build.0 = Release|Any CPU
		{09B2C509-4033-433F-9442-4D81B930C715}.Debug|Any CPU.ActiveCfg = Debug|Any CPU
		{09B2C509-4033-433F-9442-4D81B930C715}.Debug|Any CPU.Build.0 = Debug|Any CPU
		{09B2C509-4033-433F-9442-4D81B930C715}.Release|Any CPU.ActiveCfg = Release|Any CPU
		{09B2C509-4033-433F-9442-4D81B930C715}.Release|Any CPU.Build.0 = Release|Any CPU
		{CC67942B-862D-48DA-B2A5-BD61B924E4D0}.Debug|Any CPU.ActiveCfg = Debug|Any CPU
		{CC67942B-862D-48DA-B2A5-BD61B924E4D0}.Debug|Any CPU.Build.0 = Debug|Any CPU
		{CC67942B-862D-48DA-B2A5-BD61B924E4D0}.Release|Any CPU.ActiveCfg = Release|Any CPU
		{CC67942B-862D-48DA-B2A5-BD61B924E4D0}.Release|Any CPU.Build.0 = Release|Any CPU
	EndGlobalSection
	GlobalSection(SolutionProperties) = preSolution
		HideSolutionNode = FALSE
	EndGlobalSection
	GlobalSection(NestedProjects) = preSolution
		{57942CDD-AEF9-4D0D-B3F4-3FBE4461A649} = {9410748F-ABB1-45AF-98E3-98858A8C0010}
		{2FD188F9-80B0-4197-ADBF-FF793E45EAD7} = {9410748F-ABB1-45AF-98E3-98858A8C0010}
		{569D0E40-2A02-41FC-908D-40C6FCCB7DAB} = {9410748F-ABB1-45AF-98E3-98858A8C0010}
		{0F3ECCD2-AEBC-4775-9337-7B07EC9D1070} = {9410748F-ABB1-45AF-98E3-98858A8C0010}
		{47798A99-BE2D-401F-AF78-79CA16B8A132} = {9410748F-ABB1-45AF-98E3-98858A8C0010}
		{0521E24E-859B-4F7A-BE23-9CBC53A14595} = {9410748F-ABB1-45AF-98E3-98858A8C0010}
		{771E6271-64F9-4BB4-9E38-DF4DA0029898} = {9410748F-ABB1-45AF-98E3-98858A8C0010}
		{C2F25BA9-74F0-484A-B305-B8D67AC0F398} = {DA1B5AB5-4CC9-49CB-ACF1-34CF6A69D5BE}
		{8483402D-4DB2-4E7B-AEAA-9091A3F0255C} = {FFC49638-8FFE-4C6E-B2B2-AC7D942498D6}
		{09B2C509-4033-433F-9442-4D81B930C715} = {DA1B5AB5-4CC9-49CB-ACF1-34CF6A69D5BE}
		{CC67942B-862D-48DA-B2A5-BD61B924E4D0} = {DA1B5AB5-4CC9-49CB-ACF1-34CF6A69D5BE}
	EndGlobalSection
	GlobalSection(ExtensibilityGlobals) = postSolution
		SolutionGuid = {DBD83F1E-3F41-45D9-AACC-62E00826AD5C}
	EndGlobalSection
EndGlobal
