
Microsoft Visual Studio Solution File, Format Version 12.00
# Visual Studio 15
VisualStudioVersion = 15.0.26430.15
MinimumVisualStudioVersion = 10.0.40219.1
Project("{9A19103F-16F7-4668-BE54-9A1E7A4F7556}") = "OpenZH.Data", "OpenZH.Data\OpenZH.Data.csproj", "{4D7452C4-40BF-47EF-AE2C-0CD53C1F4122}"
EndProject
Project("{9A19103F-16F7-4668-BE54-9A1E7A4F7556}") = "OpenZH.Data.Tests", "OpenZH.Data.Tests\OpenZH.Data.Tests.csproj", "{F6C92404-06AE-4762-A4AD-190EB2E0C45E}"
EndProject
Project("{2150E333-8FDC-42A3-9474-1A3956D46DE8}") = "DataViewer", "DataViewer", "{AE478DD6-82D8-4E1B-B5FB-931427823167}"
EndProject
Project("{FAE04EC0-301F-11D3-BF4B-00C04F79EFBC}") = "OpenZH.DataViewer.UWP", "OpenZH.DataViewer.UWP\OpenZH.DataViewer.UWP.csproj", "{774DFA35-DF29-47FA-9050-99BDCA4EAC6D}"
EndProject
Project("{9A19103F-16F7-4668-BE54-9A1E7A4F7556}") = "OpenZH.DataViewer", "OpenZH.DataViewer\OpenZH.DataViewer.csproj", "{8BA4B680-15C2-4E8D-A354-D014AB72968B}"
EndProject
Project("{9A19103F-16F7-4668-BE54-9A1E7A4F7556}") = "OpenZH.Graphics", "OpenZH.Graphics\OpenZH.Graphics.csproj", "{CEC1A457-AAEC-4BE1-A8B2-EE0636E53477}"
EndProject
Project("{9A19103F-16F7-4668-BE54-9A1E7A4F7556}") = "OpenZH.Graphics.Direct3D12", "OpenZH.Graphics.Direct3D12\OpenZH.Graphics.Direct3D12.csproj", "{3AF5786B-7C64-4ED7-8B92-E99673E3CE4E}"
EndProject
Project("{FAE04EC0-301F-11D3-BF4B-00C04F79EFBC}") = "OpenZH.Platform.UWP", "OpenZH.Platform.UWP\OpenZH.Platform.UWP.csproj", "{154A72A2-91E7-41EE-A480-999700794D09}"
EndProject
Project("{FAE04EC0-301F-11D3-BF4B-00C04F79EFBC}") = "OpenZH.Graphics.Metal", "OpenZH.Graphics.Metal\OpenZH.Graphics.Metal.csproj", "{80505815-D642-45F1-BD41-EC724758CB55}"
EndProject
Project("{FAE04EC0-301F-11D3-BF4B-00C04F79EFBC}") = "OpenZH.Platform.iOS", "OpenZH.Platform.iOS\OpenZH.Platform.iOS.csproj", "{9B51C22E-6526-4E39-B70B-896F642BFE20}"
EndProject
Project("{FAE04EC0-301F-11D3-BF4B-00C04F79EFBC}") = "OpenZH.Platform", "OpenZH.Platform\OpenZH.Platform.csproj", "{03BDE18F-2A8B-4311-8FBC-2CE9191555CA}"
EndProject
Global
	GlobalSection(SolutionConfigurationPlatforms) = preSolution
		Debug|Any CPU = Debug|Any CPU
		Debug|ARM = Debug|ARM
		Debug|x64 = Debug|x64
		Debug|x86 = Debug|x86
		Release|Any CPU = Release|Any CPU
		Release|ARM = Release|ARM
		Release|x64 = Release|x64
		Release|x86 = Release|x86
	EndGlobalSection
	GlobalSection(ProjectConfigurationPlatforms) = postSolution
		{4D7452C4-40BF-47EF-AE2C-0CD53C1F4122}.Debug|Any CPU.ActiveCfg = Debug|Any CPU
		{4D7452C4-40BF-47EF-AE2C-0CD53C1F4122}.Debug|Any CPU.Build.0 = Debug|Any CPU
		{4D7452C4-40BF-47EF-AE2C-0CD53C1F4122}.Debug|ARM.ActiveCfg = Debug|Any CPU
		{4D7452C4-40BF-47EF-AE2C-0CD53C1F4122}.Debug|ARM.Build.0 = Debug|Any CPU
		{4D7452C4-40BF-47EF-AE2C-0CD53C1F4122}.Debug|x64.ActiveCfg = Debug|Any CPU
		{4D7452C4-40BF-47EF-AE2C-0CD53C1F4122}.Debug|x64.Build.0 = Debug|Any CPU
		{4D7452C4-40BF-47EF-AE2C-0CD53C1F4122}.Debug|x86.ActiveCfg = Debug|Any CPU
		{4D7452C4-40BF-47EF-AE2C-0CD53C1F4122}.Debug|x86.Build.0 = Debug|Any CPU
		{4D7452C4-40BF-47EF-AE2C-0CD53C1F4122}.Release|Any CPU.ActiveCfg = Release|Any CPU
		{4D7452C4-40BF-47EF-AE2C-0CD53C1F4122}.Release|Any CPU.Build.0 = Release|Any CPU
		{4D7452C4-40BF-47EF-AE2C-0CD53C1F4122}.Release|ARM.ActiveCfg = Release|Any CPU
		{4D7452C4-40BF-47EF-AE2C-0CD53C1F4122}.Release|ARM.Build.0 = Release|Any CPU
		{4D7452C4-40BF-47EF-AE2C-0CD53C1F4122}.Release|x64.ActiveCfg = Release|Any CPU
		{4D7452C4-40BF-47EF-AE2C-0CD53C1F4122}.Release|x64.Build.0 = Release|Any CPU
		{4D7452C4-40BF-47EF-AE2C-0CD53C1F4122}.Release|x86.ActiveCfg = Release|Any CPU
		{4D7452C4-40BF-47EF-AE2C-0CD53C1F4122}.Release|x86.Build.0 = Release|Any CPU
		{F6C92404-06AE-4762-A4AD-190EB2E0C45E}.Debug|Any CPU.ActiveCfg = Debug|Any CPU
		{F6C92404-06AE-4762-A4AD-190EB2E0C45E}.Debug|Any CPU.Build.0 = Debug|Any CPU
		{F6C92404-06AE-4762-A4AD-190EB2E0C45E}.Debug|ARM.ActiveCfg = Debug|Any CPU
		{F6C92404-06AE-4762-A4AD-190EB2E0C45E}.Debug|ARM.Build.0 = Debug|Any CPU
		{F6C92404-06AE-4762-A4AD-190EB2E0C45E}.Debug|x64.ActiveCfg = Debug|Any CPU
		{F6C92404-06AE-4762-A4AD-190EB2E0C45E}.Debug|x64.Build.0 = Debug|Any CPU
		{F6C92404-06AE-4762-A4AD-190EB2E0C45E}.Debug|x86.ActiveCfg = Debug|Any CPU
		{F6C92404-06AE-4762-A4AD-190EB2E0C45E}.Debug|x86.Build.0 = Debug|Any CPU
		{F6C92404-06AE-4762-A4AD-190EB2E0C45E}.Release|Any CPU.ActiveCfg = Release|Any CPU
		{F6C92404-06AE-4762-A4AD-190EB2E0C45E}.Release|Any CPU.Build.0 = Release|Any CPU
		{F6C92404-06AE-4762-A4AD-190EB2E0C45E}.Release|ARM.ActiveCfg = Release|Any CPU
		{F6C92404-06AE-4762-A4AD-190EB2E0C45E}.Release|ARM.Build.0 = Release|Any CPU
		{F6C92404-06AE-4762-A4AD-190EB2E0C45E}.Release|x64.ActiveCfg = Release|Any CPU
		{F6C92404-06AE-4762-A4AD-190EB2E0C45E}.Release|x64.Build.0 = Release|Any CPU
		{F6C92404-06AE-4762-A4AD-190EB2E0C45E}.Release|x86.ActiveCfg = Release|Any CPU
		{F6C92404-06AE-4762-A4AD-190EB2E0C45E}.Release|x86.Build.0 = Release|Any CPU
		{774DFA35-DF29-47FA-9050-99BDCA4EAC6D}.Debug|Any CPU.ActiveCfg = Debug|x86
		{774DFA35-DF29-47FA-9050-99BDCA4EAC6D}.Debug|Any CPU.Build.0 = Debug|x86
		{774DFA35-DF29-47FA-9050-99BDCA4EAC6D}.Debug|Any CPU.Deploy.0 = Debug|x86
		{774DFA35-DF29-47FA-9050-99BDCA4EAC6D}.Debug|ARM.ActiveCfg = Debug|ARM
		{774DFA35-DF29-47FA-9050-99BDCA4EAC6D}.Debug|ARM.Build.0 = Debug|ARM
		{774DFA35-DF29-47FA-9050-99BDCA4EAC6D}.Debug|ARM.Deploy.0 = Debug|ARM
		{774DFA35-DF29-47FA-9050-99BDCA4EAC6D}.Debug|x64.ActiveCfg = Debug|x64
		{774DFA35-DF29-47FA-9050-99BDCA4EAC6D}.Debug|x64.Build.0 = Debug|x64
		{774DFA35-DF29-47FA-9050-99BDCA4EAC6D}.Debug|x64.Deploy.0 = Debug|x64
		{774DFA35-DF29-47FA-9050-99BDCA4EAC6D}.Debug|x86.ActiveCfg = Debug|x86
		{774DFA35-DF29-47FA-9050-99BDCA4EAC6D}.Debug|x86.Build.0 = Debug|x86
		{774DFA35-DF29-47FA-9050-99BDCA4EAC6D}.Debug|x86.Deploy.0 = Debug|x86
		{774DFA35-DF29-47FA-9050-99BDCA4EAC6D}.Release|Any CPU.ActiveCfg = Release|x86
		{774DFA35-DF29-47FA-9050-99BDCA4EAC6D}.Release|ARM.ActiveCfg = Release|ARM
		{774DFA35-DF29-47FA-9050-99BDCA4EAC6D}.Release|ARM.Build.0 = Release|ARM
		{774DFA35-DF29-47FA-9050-99BDCA4EAC6D}.Release|ARM.Deploy.0 = Release|ARM
		{774DFA35-DF29-47FA-9050-99BDCA4EAC6D}.Release|x64.ActiveCfg = Release|x86
		{774DFA35-DF29-47FA-9050-99BDCA4EAC6D}.Release|x86.ActiveCfg = Release|x86
		{8BA4B680-15C2-4E8D-A354-D014AB72968B}.Debug|Any CPU.ActiveCfg = Debug|Any CPU
		{8BA4B680-15C2-4E8D-A354-D014AB72968B}.Debug|Any CPU.Build.0 = Debug|Any CPU
		{8BA4B680-15C2-4E8D-A354-D014AB72968B}.Debug|ARM.ActiveCfg = Debug|Any CPU
		{8BA4B680-15C2-4E8D-A354-D014AB72968B}.Debug|ARM.Build.0 = Debug|Any CPU
		{8BA4B680-15C2-4E8D-A354-D014AB72968B}.Debug|x64.ActiveCfg = Debug|Any CPU
		{8BA4B680-15C2-4E8D-A354-D014AB72968B}.Debug|x64.Build.0 = Debug|Any CPU
		{8BA4B680-15C2-4E8D-A354-D014AB72968B}.Debug|x86.ActiveCfg = Debug|Any CPU
		{8BA4B680-15C2-4E8D-A354-D014AB72968B}.Debug|x86.Build.0 = Debug|Any CPU
		{8BA4B680-15C2-4E8D-A354-D014AB72968B}.Release|Any CPU.ActiveCfg = Release|Any CPU
		{8BA4B680-15C2-4E8D-A354-D014AB72968B}.Release|Any CPU.Build.0 = Release|Any CPU
		{8BA4B680-15C2-4E8D-A354-D014AB72968B}.Release|ARM.ActiveCfg = Release|Any CPU
		{8BA4B680-15C2-4E8D-A354-D014AB72968B}.Release|ARM.Build.0 = Release|Any CPU
		{8BA4B680-15C2-4E8D-A354-D014AB72968B}.Release|x64.ActiveCfg = Release|Any CPU
		{8BA4B680-15C2-4E8D-A354-D014AB72968B}.Release|x64.Build.0 = Release|Any CPU
		{8BA4B680-15C2-4E8D-A354-D014AB72968B}.Release|x86.ActiveCfg = Release|Any CPU
		{8BA4B680-15C2-4E8D-A354-D014AB72968B}.Release|x86.Build.0 = Release|Any CPU
		{CEC1A457-AAEC-4BE1-A8B2-EE0636E53477}.Debug|Any CPU.ActiveCfg = Debug|Any CPU
		{CEC1A457-AAEC-4BE1-A8B2-EE0636E53477}.Debug|Any CPU.Build.0 = Debug|Any CPU
		{CEC1A457-AAEC-4BE1-A8B2-EE0636E53477}.Debug|ARM.ActiveCfg = Debug|Any CPU
		{CEC1A457-AAEC-4BE1-A8B2-EE0636E53477}.Debug|ARM.Build.0 = Debug|Any CPU
		{CEC1A457-AAEC-4BE1-A8B2-EE0636E53477}.Debug|x64.ActiveCfg = Debug|Any CPU
		{CEC1A457-AAEC-4BE1-A8B2-EE0636E53477}.Debug|x64.Build.0 = Debug|Any CPU
		{CEC1A457-AAEC-4BE1-A8B2-EE0636E53477}.Debug|x86.ActiveCfg = Debug|Any CPU
		{CEC1A457-AAEC-4BE1-A8B2-EE0636E53477}.Debug|x86.Build.0 = Debug|Any CPU
		{CEC1A457-AAEC-4BE1-A8B2-EE0636E53477}.Release|Any CPU.ActiveCfg = Release|Any CPU
		{CEC1A457-AAEC-4BE1-A8B2-EE0636E53477}.Release|Any CPU.Build.0 = Release|Any CPU
		{CEC1A457-AAEC-4BE1-A8B2-EE0636E53477}.Release|ARM.ActiveCfg = Release|Any CPU
		{CEC1A457-AAEC-4BE1-A8B2-EE0636E53477}.Release|ARM.Build.0 = Release|Any CPU
		{CEC1A457-AAEC-4BE1-A8B2-EE0636E53477}.Release|x64.ActiveCfg = Release|Any CPU
		{CEC1A457-AAEC-4BE1-A8B2-EE0636E53477}.Release|x64.Build.0 = Release|Any CPU
		{CEC1A457-AAEC-4BE1-A8B2-EE0636E53477}.Release|x86.ActiveCfg = Release|Any CPU
		{CEC1A457-AAEC-4BE1-A8B2-EE0636E53477}.Release|x86.Build.0 = Release|Any CPU
		{3AF5786B-7C64-4ED7-8B92-E99673E3CE4E}.Debug|Any CPU.ActiveCfg = Debug|Any CPU
		{3AF5786B-7C64-4ED7-8B92-E99673E3CE4E}.Debug|Any CPU.Build.0 = Debug|Any CPU
		{3AF5786B-7C64-4ED7-8B92-E99673E3CE4E}.Debug|ARM.ActiveCfg = Debug|Any CPU
		{3AF5786B-7C64-4ED7-8B92-E99673E3CE4E}.Debug|ARM.Build.0 = Debug|Any CPU
		{3AF5786B-7C64-4ED7-8B92-E99673E3CE4E}.Debug|x64.ActiveCfg = Debug|Any CPU
		{3AF5786B-7C64-4ED7-8B92-E99673E3CE4E}.Debug|x64.Build.0 = Debug|Any CPU
		{3AF5786B-7C64-4ED7-8B92-E99673E3CE4E}.Debug|x86.ActiveCfg = Debug|Any CPU
		{3AF5786B-7C64-4ED7-8B92-E99673E3CE4E}.Debug|x86.Build.0 = Debug|Any CPU
		{3AF5786B-7C64-4ED7-8B92-E99673E3CE4E}.Release|Any CPU.ActiveCfg = Release|Any CPU
		{3AF5786B-7C64-4ED7-8B92-E99673E3CE4E}.Release|Any CPU.Build.0 = Release|Any CPU
		{3AF5786B-7C64-4ED7-8B92-E99673E3CE4E}.Release|ARM.ActiveCfg = Release|Any CPU
		{3AF5786B-7C64-4ED7-8B92-E99673E3CE4E}.Release|ARM.Build.0 = Release|Any CPU
		{3AF5786B-7C64-4ED7-8B92-E99673E3CE4E}.Release|x64.ActiveCfg = Release|Any CPU
		{3AF5786B-7C64-4ED7-8B92-E99673E3CE4E}.Release|x64.Build.0 = Release|Any CPU
		{3AF5786B-7C64-4ED7-8B92-E99673E3CE4E}.Release|x86.ActiveCfg = Release|Any CPU
		{3AF5786B-7C64-4ED7-8B92-E99673E3CE4E}.Release|x86.Build.0 = Release|Any CPU
		{154A72A2-91E7-41EE-A480-999700794D09}.Debug|Any CPU.ActiveCfg = Debug|Any CPU
		{154A72A2-91E7-41EE-A480-999700794D09}.Debug|Any CPU.Build.0 = Debug|Any CPU
		{154A72A2-91E7-41EE-A480-999700794D09}.Debug|ARM.ActiveCfg = Debug|ARM
		{154A72A2-91E7-41EE-A480-999700794D09}.Debug|ARM.Build.0 = Debug|ARM
		{154A72A2-91E7-41EE-A480-999700794D09}.Debug|x64.ActiveCfg = Debug|x64
		{154A72A2-91E7-41EE-A480-999700794D09}.Debug|x64.Build.0 = Debug|x64
		{154A72A2-91E7-41EE-A480-999700794D09}.Debug|x86.ActiveCfg = Debug|x86
		{154A72A2-91E7-41EE-A480-999700794D09}.Debug|x86.Build.0 = Debug|x86
		{154A72A2-91E7-41EE-A480-999700794D09}.Release|Any CPU.ActiveCfg = Release|Any CPU
		{154A72A2-91E7-41EE-A480-999700794D09}.Release|Any CPU.Build.0 = Release|Any CPU
		{154A72A2-91E7-41EE-A480-999700794D09}.Release|ARM.ActiveCfg = Release|ARM
		{154A72A2-91E7-41EE-A480-999700794D09}.Release|ARM.Build.0 = Release|ARM
		{154A72A2-91E7-41EE-A480-999700794D09}.Release|x64.ActiveCfg = Release|x64
		{154A72A2-91E7-41EE-A480-999700794D09}.Release|x64.Build.0 = Release|x64
		{154A72A2-91E7-41EE-A480-999700794D09}.Release|x86.ActiveCfg = Release|x86
		{154A72A2-91E7-41EE-A480-999700794D09}.Release|x86.Build.0 = Release|x86
		{80505815-D642-45F1-BD41-EC724758CB55}.Debug|Any CPU.ActiveCfg = Debug|Any CPU
		{80505815-D642-45F1-BD41-EC724758CB55}.Debug|Any CPU.Build.0 = Debug|Any CPU
		{80505815-D642-45F1-BD41-EC724758CB55}.Debug|ARM.ActiveCfg = Debug|Any CPU
		{80505815-D642-45F1-BD41-EC724758CB55}.Debug|ARM.Build.0 = Debug|Any CPU
		{80505815-D642-45F1-BD41-EC724758CB55}.Debug|x64.ActiveCfg = Debug|Any CPU
		{80505815-D642-45F1-BD41-EC724758CB55}.Debug|x64.Build.0 = Debug|Any CPU
		{80505815-D642-45F1-BD41-EC724758CB55}.Debug|x86.ActiveCfg = Debug|Any CPU
		{80505815-D642-45F1-BD41-EC724758CB55}.Debug|x86.Build.0 = Debug|Any CPU
		{80505815-D642-45F1-BD41-EC724758CB55}.Release|Any CPU.ActiveCfg = Release|Any CPU
		{80505815-D642-45F1-BD41-EC724758CB55}.Release|Any CPU.Build.0 = Release|Any CPU
		{80505815-D642-45F1-BD41-EC724758CB55}.Release|ARM.ActiveCfg = Release|Any CPU
		{80505815-D642-45F1-BD41-EC724758CB55}.Release|ARM.Build.0 = Release|Any CPU
		{80505815-D642-45F1-BD41-EC724758CB55}.Release|x64.ActiveCfg = Release|Any CPU
		{80505815-D642-45F1-BD41-EC724758CB55}.Release|x64.Build.0 = Release|Any CPU
		{80505815-D642-45F1-BD41-EC724758CB55}.Release|x86.ActiveCfg = Release|Any CPU
		{80505815-D642-45F1-BD41-EC724758CB55}.Release|x86.Build.0 = Release|Any CPU
		{9B51C22E-6526-4E39-B70B-896F642BFE20}.Debug|Any CPU.ActiveCfg = Debug|Any CPU
		{9B51C22E-6526-4E39-B70B-896F642BFE20}.Debug|Any CPU.Build.0 = Debug|Any CPU
		{9B51C22E-6526-4E39-B70B-896F642BFE20}.Debug|ARM.ActiveCfg = Debug|Any CPU
		{9B51C22E-6526-4E39-B70B-896F642BFE20}.Debug|ARM.Build.0 = Debug|Any CPU
		{9B51C22E-6526-4E39-B70B-896F642BFE20}.Debug|x64.ActiveCfg = Debug|Any CPU
		{9B51C22E-6526-4E39-B70B-896F642BFE20}.Debug|x64.Build.0 = Debug|Any CPU
		{9B51C22E-6526-4E39-B70B-896F642BFE20}.Debug|x86.ActiveCfg = Debug|Any CPU
		{9B51C22E-6526-4E39-B70B-896F642BFE20}.Debug|x86.Build.0 = Debug|Any CPU
		{9B51C22E-6526-4E39-B70B-896F642BFE20}.Release|Any CPU.ActiveCfg = Release|Any CPU
		{9B51C22E-6526-4E39-B70B-896F642BFE20}.Release|Any CPU.Build.0 = Release|Any CPU
		{9B51C22E-6526-4E39-B70B-896F642BFE20}.Release|ARM.ActiveCfg = Release|Any CPU
		{9B51C22E-6526-4E39-B70B-896F642BFE20}.Release|ARM.Build.0 = Release|Any CPU
		{9B51C22E-6526-4E39-B70B-896F642BFE20}.Release|x64.ActiveCfg = Release|Any CPU
		{9B51C22E-6526-4E39-B70B-896F642BFE20}.Release|x64.Build.0 = Release|Any CPU
		{9B51C22E-6526-4E39-B70B-896F642BFE20}.Release|x86.ActiveCfg = Release|Any CPU
		{9B51C22E-6526-4E39-B70B-896F642BFE20}.Release|x86.Build.0 = Release|Any CPU
		{03BDE18F-2A8B-4311-8FBC-2CE9191555CA}.Debug|Any CPU.ActiveCfg = Debug|Any CPU
		{03BDE18F-2A8B-4311-8FBC-2CE9191555CA}.Debug|Any CPU.Build.0 = Debug|Any CPU
		{03BDE18F-2A8B-4311-8FBC-2CE9191555CA}.Debug|ARM.ActiveCfg = Debug|Any CPU
		{03BDE18F-2A8B-4311-8FBC-2CE9191555CA}.Debug|ARM.Build.0 = Debug|Any CPU
		{03BDE18F-2A8B-4311-8FBC-2CE9191555CA}.Debug|x64.ActiveCfg = Debug|Any CPU
		{03BDE18F-2A8B-4311-8FBC-2CE9191555CA}.Debug|x64.Build.0 = Debug|Any CPU
		{03BDE18F-2A8B-4311-8FBC-2CE9191555CA}.Debug|x86.ActiveCfg = Debug|Any CPU
		{03BDE18F-2A8B-4311-8FBC-2CE9191555CA}.Debug|x86.Build.0 = Debug|Any CPU
		{03BDE18F-2A8B-4311-8FBC-2CE9191555CA}.Release|Any CPU.ActiveCfg = Release|Any CPU
		{03BDE18F-2A8B-4311-8FBC-2CE9191555CA}.Release|Any CPU.Build.0 = Release|Any CPU
		{03BDE18F-2A8B-4311-8FBC-2CE9191555CA}.Release|ARM.ActiveCfg = Release|Any CPU
		{03BDE18F-2A8B-4311-8FBC-2CE9191555CA}.Release|ARM.Build.0 = Release|Any CPU
		{03BDE18F-2A8B-4311-8FBC-2CE9191555CA}.Release|x64.ActiveCfg = Release|Any CPU
		{03BDE18F-2A8B-4311-8FBC-2CE9191555CA}.Release|x64.Build.0 = Release|Any CPU
		{03BDE18F-2A8B-4311-8FBC-2CE9191555CA}.Release|x86.ActiveCfg = Release|Any CPU
		{03BDE18F-2A8B-4311-8FBC-2CE9191555CA}.Release|x86.Build.0 = Release|Any CPU
	EndGlobalSection
	GlobalSection(SolutionProperties) = preSolution
		HideSolutionNode = FALSE
	EndGlobalSection
	GlobalSection(NestedProjects) = preSolution
		{774DFA35-DF29-47FA-9050-99BDCA4EAC6D} = {AE478DD6-82D8-4E1B-B5FB-931427823167}
		{8BA4B680-15C2-4E8D-A354-D014AB72968B} = {AE478DD6-82D8-4E1B-B5FB-931427823167}
	EndGlobalSection
EndGlobal
